// !$*UTF8*$!
{
	archiveVersion = 1;
	classes = {
	};
	objectVersion = 46;
	objects = {

/* Begin PBXBuildFile section */
		A71918811A9B131000C5377E /* 涙のキッス.txt in Resources */ = {isa = PBXBuildFile; fileRef = A71918801A9B131000C5377E /* 涙のキッス.txt */; };
		A71C7B4A1AB5ADCC007B4A31 /* AButton_GuitarPotential.png in Resources */ = {isa = PBXBuildFile; fileRef = A71C7B381AB5ADCC007B4A31 /* AButton_GuitarPotential.png */; };
		A71C7B4B1AB5ADCC007B4A31 /* BButton_GuitarPotential.png in Resources */ = {isa = PBXBuildFile; fileRef = A71C7B391AB5ADCC007B4A31 /* BButton_GuitarPotential.png */; };
		A71C7B4C1AB5ADCC007B4A31 /* CanselButton_GuitarPotential.png in Resources */ = {isa = PBXBuildFile; fileRef = A71C7B3A1AB5ADCC007B4A31 /* CanselButton_GuitarPotential.png */; };
		A71C7B4D1AB5ADCC007B4A31 /* CanselTutorialButton.png in Resources */ = {isa = PBXBuildFile; fileRef = A71C7B3B1AB5ADCC007B4A31 /* CanselTutorialButton.png */; };
		A71C7B4E1AB5ADCC007B4A31 /* CButton_GuitarPotential.png in Resources */ = {isa = PBXBuildFile; fileRef = A71C7B3C1AB5ADCC007B4A31 /* CButton_GuitarPotential.png */; };
		A71C7B4F1AB5ADCC007B4A31 /* DButton_GuitarPotential.png in Resources */ = {isa = PBXBuildFile; fileRef = A71C7B3D1AB5ADCC007B4A31 /* DButton_GuitarPotential.png */; };
		A71C7B501AB5ADCC007B4A31 /* EButton_GuitarPotential.png in Resources */ = {isa = PBXBuildFile; fileRef = A71C7B3E1AB5ADCC007B4A31 /* EButton_GuitarPotential.png */; };
		A71C7B511AB5ADCC007B4A31 /* FButton_GuitarPotential.png in Resources */ = {isa = PBXBuildFile; fileRef = A71C7B3F1AB5ADCC007B4A31 /* FButton_GuitarPotential.png */; };
		A71C7B521AB5ADCC007B4A31 /* GButton_GuitarPotential.png in Resources */ = {isa = PBXBuildFile; fileRef = A71C7B401AB5ADCC007B4A31 /* GButton_GuitarPotential.png */; };
		A71C7B531AB5ADCC007B4A31 /* GuitarCodePracticeButton_GuitarPotential.png in Resources */ = {isa = PBXBuildFile; fileRef = A71C7B411AB5ADCC007B4A31 /* GuitarCodePracticeButton_GuitarPotential.png */; };
		A71C7B541AB5ADCC007B4A31 /* GuitarIcon.png in Resources */ = {isa = PBXBuildFile; fileRef = A71C7B421AB5ADCC007B4A31 /* GuitarIcon.png */; };
		A71C7B551AB5ADCC007B4A31 /* Home-50.png in Resources */ = {isa = PBXBuildFile; fileRef = A71C7B431AB5ADCC007B4A31 /* Home-50.png */; };
		A71C7B561AB5ADCC007B4A31 /* HomeButton_GuitarPotential.png in Resources */ = {isa = PBXBuildFile; fileRef = A71C7B441AB5ADCC007B4A31 /* HomeButton_GuitarPotential.png */; };
		A71C7B571AB5ADCC007B4A31 /* Info-50.png in Resources */ = {isa = PBXBuildFile; fileRef = A71C7B451AB5ADCC007B4A31 /* Info-50.png */; };
		A71C7B581AB5ADCC007B4A31 /* InfomationButton_GuitarPotential.png in Resources */ = {isa = PBXBuildFile; fileRef = A71C7B461AB5ADCC007B4A31 /* InfomationButton_GuitarPotential.png */; };
		A71C7B591AB5ADCC007B4A31 /* KeyChangeButton_GuitarPotential.png in Resources */ = {isa = PBXBuildFile; fileRef = A71C7B471AB5ADCC007B4A31 /* KeyChangeButton_GuitarPotential.png */; };
		A71C7B5A1AB5ADCC007B4A31 /* SaveButton_GuitarPotential.png in Resources */ = {isa = PBXBuildFile; fileRef = A71C7B481AB5ADCC007B4A31 /* SaveButton_GuitarPotential.png */; };
		A71C7B5B1AB5ADCC007B4A31 /* TutorialButton_GuitarPotential.png in Resources */ = {isa = PBXBuildFile; fileRef = A71C7B491AB5ADCC007B4A31 /* TutorialButton_GuitarPotential.png */; };
		A71C7B6F1AB5ADF5007B4A31 /* head_close.png in Resources */ = {isa = PBXBuildFile; fileRef = A71C7B5D1AB5ADF5007B4A31 /* head_close.png */; };
		A71C7B701AB5ADF5007B4A31 /* head_open.png in Resources */ = {isa = PBXBuildFile; fileRef = A71C7B5E1AB5ADF5007B4A31 /* head_open.png */; };
		A71C7B711AB5ADF5007B4A31 /* lighting_head_close.png in Resources */ = {isa = PBXBuildFile; fileRef = A71C7B5F1AB5ADF5007B4A31 /* lighting_head_close.png */; };
		A71C7B721AB5ADF5007B4A31 /* lighting_head_open.png in Resources */ = {isa = PBXBuildFile; fileRef = A71C7B601AB5ADF5007B4A31 /* lighting_head_open.png */; };
		A71C7B731AB5ADF5007B4A31 /* normal_guitarstring.png in Resources */ = {isa = PBXBuildFile; fileRef = A71C7B611AB5ADF5007B4A31 /* normal_guitarstring.png */; };
		A71C7B741AB5ADF5007B4A31 /* pressedstring1.png in Resources */ = {isa = PBXBuildFile; fileRef = A71C7B621AB5ADF5007B4A31 /* pressedstring1.png */; };
		A71C7B751AB5ADF5007B4A31 /* pressedstring2.png in Resources */ = {isa = PBXBuildFile; fileRef = A71C7B631AB5ADF5007B4A31 /* pressedstring2.png */; };
		A71C7B761AB5ADF5007B4A31 /* pressedstring3.png in Resources */ = {isa = PBXBuildFile; fileRef = A71C7B641AB5ADF5007B4A31 /* pressedstring3.png */; };
		A71C7B771AB5ADF5007B4A31 /* pressedstring4.png in Resources */ = {isa = PBXBuildFile; fileRef = A71C7B651AB5ADF5007B4A31 /* pressedstring4.png */; };
		A71C7B781AB5ADF5007B4A31 /* pressedstring5.png in Resources */ = {isa = PBXBuildFile; fileRef = A71C7B661AB5ADF5007B4A31 /* pressedstring5.png */; };
		A71C7B791AB5ADF5007B4A31 /* pressedstring6.png in Resources */ = {isa = PBXBuildFile; fileRef = A71C7B671AB5ADF5007B4A31 /* pressedstring6.png */; };
		A71C7B7A1AB5ADF5007B4A31 /* pushed_guitarstring.png in Resources */ = {isa = PBXBuildFile; fileRef = A71C7B681AB5ADF5007B4A31 /* pushed_guitarstring.png */; };
		A71C7B7B1AB5ADF5007B4A31 /* string1.png in Resources */ = {isa = PBXBuildFile; fileRef = A71C7B691AB5ADF5007B4A31 /* string1.png */; };
		A71C7B7C1AB5ADF5007B4A31 /* string2.png in Resources */ = {isa = PBXBuildFile; fileRef = A71C7B6A1AB5ADF5007B4A31 /* string2.png */; };
		A71C7B7D1AB5ADF5007B4A31 /* string3.png in Resources */ = {isa = PBXBuildFile; fileRef = A71C7B6B1AB5ADF5007B4A31 /* string3.png */; };
		A71C7B7E1AB5ADF5007B4A31 /* string4.png in Resources */ = {isa = PBXBuildFile; fileRef = A71C7B6C1AB5ADF5007B4A31 /* string4.png */; };
		A71C7B7F1AB5ADF5007B4A31 /* string5.png in Resources */ = {isa = PBXBuildFile; fileRef = A71C7B6D1AB5ADF5007B4A31 /* string5.png */; };
		A71C7B801AB5ADF5007B4A31 /* string6.png in Resources */ = {isa = PBXBuildFile; fileRef = A71C7B6E1AB5ADF5007B4A31 /* string6.png */; };
		A73648911AB208C9002DC97C /* TutorialViewController.m in Sources */ = {isa = PBXBuildFile; fileRef = A73648901AB208C9002DC97C /* TutorialViewController.m */; };
		A74F46C71AA307CB00ACE730 /* TSUNAMI.txt in Resources */ = {isa = PBXBuildFile; fileRef = A74F46C61AA307CB00ACE730 /* TSUNAMI.txt */; };
		A78537251A9B0BB2008DF74F /* detailViewController.m in Sources */ = {isa = PBXBuildFile; fileRef = A78537241A9B0BB2008DF74F /* detailViewController.m */; };
		A7952C321A9F77140084DCE7 /* いとしのエリー.txt in Resources */ = {isa = PBXBuildFile; fileRef = A7952C311A9F77140084DCE7 /* いとしのエリー.txt */; };
		A79DB06D1AB2ABCC00BD0B54 /* SEManager.m in Sources */ = {isa = PBXBuildFile; fileRef = A79DB06C1AB2ABCC00BD0B54 /* SEManager.m */; };
		A79DB0991AB2ADE000BD0B54 /* sound01.wav in Resources */ = {isa = PBXBuildFile; fileRef = A79DB06F1AB2ADE000BD0B54 /* sound01.wav */; };
		A79DB09A1AB2ADE000BD0B54 /* sound02.wav in Resources */ = {isa = PBXBuildFile; fileRef = A79DB0701AB2ADE000BD0B54 /* sound02.wav */; };
		A79DB09B1AB2ADE000BD0B54 /* sound03.wav in Resources */ = {isa = PBXBuildFile; fileRef = A79DB0711AB2ADE000BD0B54 /* sound03.wav */; };
		A79DB09C1AB2ADE000BD0B54 /* sound04.wav in Resources */ = {isa = PBXBuildFile; fileRef = A79DB0721AB2ADE000BD0B54 /* sound04.wav */; };
		A79DB09D1AB2ADE000BD0B54 /* sound05.wav in Resources */ = {isa = PBXBuildFile; fileRef = A79DB0731AB2ADE000BD0B54 /* sound05.wav */; };
		A79DB09E1AB2ADE000BD0B54 /* sound06.wav in Resources */ = {isa = PBXBuildFile; fileRef = A79DB0741AB2ADE000BD0B54 /* sound06.wav */; };
		A79DB09F1AB2ADE000BD0B54 /* sound11.wav in Resources */ = {isa = PBXBuildFile; fileRef = A79DB0751AB2ADE000BD0B54 /* sound11.wav */; };
		A79DB0A01AB2ADE000BD0B54 /* sound12.wav in Resources */ = {isa = PBXBuildFile; fileRef = A79DB0761AB2ADE000BD0B54 /* sound12.wav */; };
		A79DB0A11AB2ADE000BD0B54 /* sound13.wav in Resources */ = {isa = PBXBuildFile; fileRef = A79DB0771AB2ADE000BD0B54 /* sound13.wav */; };
		A79DB0A21AB2ADE000BD0B54 /* sound14.wav in Resources */ = {isa = PBXBuildFile; fileRef = A79DB0781AB2ADE000BD0B54 /* sound14.wav */; };
		A79DB0A31AB2ADE000BD0B54 /* sound15.wav in Resources */ = {isa = PBXBuildFile; fileRef = A79DB0791AB2ADE000BD0B54 /* sound15.wav */; };
		A79DB0A41AB2ADE000BD0B54 /* sound16.wav in Resources */ = {isa = PBXBuildFile; fileRef = A79DB07A1AB2ADE000BD0B54 /* sound16.wav */; };
		A79DB0A51AB2ADE000BD0B54 /* sound21.wav in Resources */ = {isa = PBXBuildFile; fileRef = A79DB07B1AB2ADE000BD0B54 /* sound21.wav */; };
		A79DB0A61AB2ADE000BD0B54 /* sound22.wav in Resources */ = {isa = PBXBuildFile; fileRef = A79DB07C1AB2ADE000BD0B54 /* sound22.wav */; };
		A79DB0A71AB2ADE000BD0B54 /* sound23.wav in Resources */ = {isa = PBXBuildFile; fileRef = A79DB07D1AB2ADE000BD0B54 /* sound23.wav */; };
		A79DB0A81AB2ADE000BD0B54 /* sound24.wav in Resources */ = {isa = PBXBuildFile; fileRef = A79DB07E1AB2ADE000BD0B54 /* sound24.wav */; };
		A79DB0A91AB2ADE000BD0B54 /* sound25.wav in Resources */ = {isa = PBXBuildFile; fileRef = A79DB07F1AB2ADE000BD0B54 /* sound25.wav */; };
		A79DB0AA1AB2ADE000BD0B54 /* sound26.wav in Resources */ = {isa = PBXBuildFile; fileRef = A79DB0801AB2ADE000BD0B54 /* sound26.wav */; };
		A79DB0AB1AB2ADE000BD0B54 /* sound31.wav in Resources */ = {isa = PBXBuildFile; fileRef = A79DB0811AB2ADE000BD0B54 /* sound31.wav */; };
		A79DB0AC1AB2ADE000BD0B54 /* sound32.wav in Resources */ = {isa = PBXBuildFile; fileRef = A79DB0821AB2ADE000BD0B54 /* sound32.wav */; };
		A79DB0AD1AB2ADE000BD0B54 /* sound33.wav in Resources */ = {isa = PBXBuildFile; fileRef = A79DB0831AB2ADE000BD0B54 /* sound33.wav */; };
		A79DB0AE1AB2ADE000BD0B54 /* sound34.wav in Resources */ = {isa = PBXBuildFile; fileRef = A79DB0841AB2ADE000BD0B54 /* sound34.wav */; };
		A79DB0AF1AB2ADE000BD0B54 /* sound35.wav in Resources */ = {isa = PBXBuildFile; fileRef = A79DB0851AB2ADE000BD0B54 /* sound35.wav */; };
		A79DB0B01AB2ADE000BD0B54 /* sound36.wav in Resources */ = {isa = PBXBuildFile; fileRef = A79DB0861AB2ADE000BD0B54 /* sound36.wav */; };
		A79DB0B11AB2ADE000BD0B54 /* sound41.wav in Resources */ = {isa = PBXBuildFile; fileRef = A79DB0871AB2ADE000BD0B54 /* sound41.wav */; };
		A79DB0B21AB2ADE000BD0B54 /* sound42.wav in Resources */ = {isa = PBXBuildFile; fileRef = A79DB0881AB2ADE000BD0B54 /* sound42.wav */; };
		A79DB0B31AB2ADE000BD0B54 /* sound43.wav in Resources */ = {isa = PBXBuildFile; fileRef = A79DB0891AB2ADE000BD0B54 /* sound43.wav */; };
		A79DB0B41AB2ADE000BD0B54 /* sound44.wav in Resources */ = {isa = PBXBuildFile; fileRef = A79DB08A1AB2ADE000BD0B54 /* sound44.wav */; };
		A79DB0B51AB2ADE000BD0B54 /* sound45.wav in Resources */ = {isa = PBXBuildFile; fileRef = A79DB08B1AB2ADE000BD0B54 /* sound45.wav */; };
		A79DB0B61AB2ADE000BD0B54 /* sound46.wav in Resources */ = {isa = PBXBuildFile; fileRef = A79DB08C1AB2ADE000BD0B54 /* sound46.wav */; };
		A79DB0B71AB2ADE000BD0B54 /* sound51.wav in Resources */ = {isa = PBXBuildFile; fileRef = A79DB08D1AB2ADE000BD0B54 /* sound51.wav */; };
		A79DB0B81AB2ADE000BD0B54 /* sound52.wav in Resources */ = {isa = PBXBuildFile; fileRef = A79DB08E1AB2ADE000BD0B54 /* sound52.wav */; };
		A79DB0B91AB2ADE000BD0B54 /* sound53.wav in Resources */ = {isa = PBXBuildFile; fileRef = A79DB08F1AB2ADE000BD0B54 /* sound53.wav */; };
		A79DB0BA1AB2ADE000BD0B54 /* sound54.wav in Resources */ = {isa = PBXBuildFile; fileRef = A79DB0901AB2ADE000BD0B54 /* sound54.wav */; };
		A79DB0BB1AB2ADE000BD0B54 /* sound55.wav in Resources */ = {isa = PBXBuildFile; fileRef = A79DB0911AB2ADE000BD0B54 /* sound55.wav */; };
		A79DB0BC1AB2ADE000BD0B54 /* sound56.wav in Resources */ = {isa = PBXBuildFile; fileRef = A79DB0921AB2ADE000BD0B54 /* sound56.wav */; };
		A79DB0BD1AB2ADE000BD0B54 /* sound61.wav in Resources */ = {isa = PBXBuildFile; fileRef = A79DB0931AB2ADE000BD0B54 /* sound61.wav */; };
		A79DB0BE1AB2ADE000BD0B54 /* sound62.wav in Resources */ = {isa = PBXBuildFile; fileRef = A79DB0941AB2ADE000BD0B54 /* sound62.wav */; };
		A79DB0BF1AB2ADE000BD0B54 /* sound63.wav in Resources */ = {isa = PBXBuildFile; fileRef = A79DB0951AB2ADE000BD0B54 /* sound63.wav */; };
		A79DB0C01AB2ADE000BD0B54 /* sound64.wav in Resources */ = {isa = PBXBuildFile; fileRef = A79DB0961AB2ADE000BD0B54 /* sound64.wav */; };
		A79DB0C11AB2ADE000BD0B54 /* sound65.wav in Resources */ = {isa = PBXBuildFile; fileRef = A79DB0971AB2ADE000BD0B54 /* sound65.wav */; };
		A79DB0C21AB2ADE000BD0B54 /* sound66.wav in Resources */ = {isa = PBXBuildFile; fileRef = A79DB0981AB2ADE000BD0B54 /* sound66.wav */; };
		A7A466C31AAEE45400FB050D /* GuitarContentViewController.m in Sources */ = {isa = PBXBuildFile; fileRef = A7A466C21AAEE45400FB050D /* GuitarContentViewController.m */; };
		A7BEAD431AAC75AB00E2657B /* PickerViewController.m in Sources */ = {isa = PBXBuildFile; fileRef = A7BEAD421AAC75AB00E2657B /* PickerViewController.m */; };
		A7D2F98E1AA3240300529626 /* GuitarViewController.m in Sources */ = {isa = PBXBuildFile; fileRef = A7D2F98D1AA3240300529626 /* GuitarViewController.m */; };
		A7D69DAA1AAACEED002B6990 /* CoreMotion.framework in Frameworks */ = {isa = PBXBuildFile; fileRef = A7D69DA91AAACEED002B6990 /* CoreMotion.framework */; };
		A7D69DAD1AAAE64F002B6990 /* StrokeViewController.m in Sources */ = {isa = PBXBuildFile; fileRef = A7D69DAC1AAAE64F002B6990 /* StrokeViewController.m */; };
		A7D69F391A9CC2FE00A2AB87 /* historyViewController.m in Sources */ = {isa = PBXBuildFile; fileRef = A7D69F381A9CC2FE00A2AB87 /* historyViewController.m */; };
		A7E9E3041AA73DBB00E75587 /* AVFoundation.framework in Frameworks */ = {isa = PBXBuildFile; fileRef = A7E9E3031AA73DBB00E75587 /* AVFoundation.framework */; };
		A7EA746B1A9B0291009B46AB /* main.m in Sources */ = {isa = PBXBuildFile; fileRef = A7EA746A1A9B0291009B46AB /* main.m */; };
		A7EA746E1A9B0291009B46AB /* AppDelegate.m in Sources */ = {isa = PBXBuildFile; fileRef = A7EA746D1A9B0291009B46AB /* AppDelegate.m */; };
		A7EA74711A9B0291009B46AB /* ViewController.m in Sources */ = {isa = PBXBuildFile; fileRef = A7EA74701A9B0291009B46AB /* ViewController.m */; };
		A7EA74741A9B0291009B46AB /* Main.storyboard in Resources */ = {isa = PBXBuildFile; fileRef = A7EA74721A9B0291009B46AB /* Main.storyboard */; };
		A7EA74761A9B0291009B46AB /* Images.xcassets in Resources */ = {isa = PBXBuildFile; fileRef = A7EA74751A9B0291009B46AB /* Images.xcassets */; };
		A7EA74791A9B0291009B46AB /* LaunchScreen.xib in Resources */ = {isa = PBXBuildFile; fileRef = A7EA74771A9B0291009B46AB /* LaunchScreen.xib */; };
		A7EA74851A9B0291009B46AB /* GuitarPotentialAppTests.m in Sources */ = {isa = PBXBuildFile; fileRef = A7EA74841A9B0291009B46AB /* GuitarPotentialAppTests.m */; };
		A7EB6F071AA5A9AC0069DF0B /* GuitarModeViewController.m in Sources */ = {isa = PBXBuildFile; fileRef = A7EB6F061AA5A9AC0069DF0B /* GuitarModeViewController.m */; };
		A7FACBDD1A9F0BAB00210638 /* AllSongsList.plist in Resources */ = {isa = PBXBuildFile; fileRef = A7FACBDC1A9F0BAB00210638 /* AllSongsList.plist */; };
		A7FE3EDC1AB5A40D007165B9 /* Tutorial10_GuitarPotential.png in Resources */ = {isa = PBXBuildFile; fileRef = A7FE3ED01AB5A40D007165B9 /* Tutorial10_GuitarPotential.png */; };
		A7FE3EDD1AB5A40D007165B9 /* Tutorial11_GuitarPotential.png in Resources */ = {isa = PBXBuildFile; fileRef = A7FE3ED11AB5A40D007165B9 /* Tutorial11_GuitarPotential.png */; };
		A7FE3EDE1AB5A40D007165B9 /* Tutorial12_GuitarPotential.png in Resources */ = {isa = PBXBuildFile; fileRef = A7FE3ED21AB5A40D007165B9 /* Tutorial12_GuitarPotential.png */; };
		A7FE3EDF1AB5A40D007165B9 /* Tutorial1_GuitarPotential.png in Resources */ = {isa = PBXBuildFile; fileRef = A7FE3ED31AB5A40D007165B9 /* Tutorial1_GuitarPotential.png */; };
		A7FE3EE01AB5A40D007165B9 /* Tutorial2_GuitarPotential.png in Resources */ = {isa = PBXBuildFile; fileRef = A7FE3ED41AB5A40D007165B9 /* Tutorial2_GuitarPotential.png */; };
		A7FE3EE11AB5A40D007165B9 /* Tutorial3_GuitarPotential.png in Resources */ = {isa = PBXBuildFile; fileRef = A7FE3ED51AB5A40D007165B9 /* Tutorial3_GuitarPotential.png */; };
		A7FE3EE21AB5A40D007165B9 /* Tutorial4_GuitarPotential.png in Resources */ = {isa = PBXBuildFile; fileRef = A7FE3ED61AB5A40D007165B9 /* Tutorial4_GuitarPotential.png */; };
		A7FE3EE31AB5A40D007165B9 /* Tutorial5_GuitarPotential.png in Resources */ = {isa = PBXBuildFile; fileRef = A7FE3ED71AB5A40D007165B9 /* Tutorial5_GuitarPotential.png */; };
		A7FE3EE41AB5A40D007165B9 /* Tutorial6_GuitarPotential.png in Resources */ = {isa = PBXBuildFile; fileRef = A7FE3ED81AB5A40D007165B9 /* Tutorial6_GuitarPotential.png */; };
		A7FE3EE51AB5A40D007165B9 /* Tutorial7_GuitarPotential.png in Resources */ = {isa = PBXBuildFile; fileRef = A7FE3ED91AB5A40D007165B9 /* Tutorial7_GuitarPotential.png */; };
		A7FE3EE61AB5A40D007165B9 /* Tutorial8_GuitarPotential.png in Resources */ = {isa = PBXBuildFile; fileRef = A7FE3EDA1AB5A40D007165B9 /* Tutorial8_GuitarPotential.png */; };
		A7FE3EE71AB5A40D007165B9 /* Tutorial9_GuitarPotential.png in Resources */ = {isa = PBXBuildFile; fileRef = A7FE3EDB1AB5A40D007165B9 /* Tutorial9_GuitarPotential.png */; };
/* End PBXBuildFile section */

/* Begin PBXContainerItemProxy section */
		A7EA747F1A9B0291009B46AB /* PBXContainerItemProxy */ = {
			isa = PBXContainerItemProxy;
			containerPortal = A7EA745D1A9B0291009B46AB /* Project object */;
			proxyType = 1;
			remoteGlobalIDString = A7EA74641A9B0291009B46AB;
			remoteInfo = GuitarPotentialApp;
		};
/* End PBXContainerItemProxy section */

/* Begin PBXFileReference section */
		A71918801A9B131000C5377E /* 涙のキッス.txt */ = {isa = PBXFileReference; fileEncoding = 2147486209; lastKnownFileType = text; path = "涙のキッス.txt"; sourceTree = "<group>"; usesTabs = 0; };
		A71C7B381AB5ADCC007B4A31 /* AButton_GuitarPotential.png */ = {isa = PBXFileReference; lastKnownFileType = image.png; path = AButton_GuitarPotential.png; sourceTree = "<group>"; };
		A71C7B391AB5ADCC007B4A31 /* BButton_GuitarPotential.png */ = {isa = PBXFileReference; lastKnownFileType = image.png; path = BButton_GuitarPotential.png; sourceTree = "<group>"; };
		A71C7B3A1AB5ADCC007B4A31 /* CanselButton_GuitarPotential.png */ = {isa = PBXFileReference; lastKnownFileType = image.png; path = CanselButton_GuitarPotential.png; sourceTree = "<group>"; };
		A71C7B3B1AB5ADCC007B4A31 /* CanselTutorialButton.png */ = {isa = PBXFileReference; lastKnownFileType = image.png; path = CanselTutorialButton.png; sourceTree = "<group>"; };
		A71C7B3C1AB5ADCC007B4A31 /* CButton_GuitarPotential.png */ = {isa = PBXFileReference; lastKnownFileType = image.png; path = CButton_GuitarPotential.png; sourceTree = "<group>"; };
		A71C7B3D1AB5ADCC007B4A31 /* DButton_GuitarPotential.png */ = {isa = PBXFileReference; lastKnownFileType = image.png; path = DButton_GuitarPotential.png; sourceTree = "<group>"; };
		A71C7B3E1AB5ADCC007B4A31 /* EButton_GuitarPotential.png */ = {isa = PBXFileReference; lastKnownFileType = image.png; path = EButton_GuitarPotential.png; sourceTree = "<group>"; };
		A71C7B3F1AB5ADCC007B4A31 /* FButton_GuitarPotential.png */ = {isa = PBXFileReference; lastKnownFileType = image.png; path = FButton_GuitarPotential.png; sourceTree = "<group>"; };
		A71C7B401AB5ADCC007B4A31 /* GButton_GuitarPotential.png */ = {isa = PBXFileReference; lastKnownFileType = image.png; path = GButton_GuitarPotential.png; sourceTree = "<group>"; };
		A71C7B411AB5ADCC007B4A31 /* GuitarCodePracticeButton_GuitarPotential.png */ = {isa = PBXFileReference; lastKnownFileType = image.png; path = GuitarCodePracticeButton_GuitarPotential.png; sourceTree = "<group>"; };
		A71C7B421AB5ADCC007B4A31 /* GuitarIcon.png */ = {isa = PBXFileReference; lastKnownFileType = image.png; path = GuitarIcon.png; sourceTree = "<group>"; };
		A71C7B431AB5ADCC007B4A31 /* Home-50.png */ = {isa = PBXFileReference; lastKnownFileType = image.png; path = "Home-50.png"; sourceTree = "<group>"; };
		A71C7B441AB5ADCC007B4A31 /* HomeButton_GuitarPotential.png */ = {isa = PBXFileReference; lastKnownFileType = image.png; path = HomeButton_GuitarPotential.png; sourceTree = "<group>"; };
		A71C7B451AB5ADCC007B4A31 /* Info-50.png */ = {isa = PBXFileReference; lastKnownFileType = image.png; path = "Info-50.png"; sourceTree = "<group>"; };
		A71C7B461AB5ADCC007B4A31 /* InfomationButton_GuitarPotential.png */ = {isa = PBXFileReference; lastKnownFileType = image.png; path = InfomationButton_GuitarPotential.png; sourceTree = "<group>"; };
		A71C7B471AB5ADCC007B4A31 /* KeyChangeButton_GuitarPotential.png */ = {isa = PBXFileReference; lastKnownFileType = image.png; path = KeyChangeButton_GuitarPotential.png; sourceTree = "<group>"; };
		A71C7B481AB5ADCC007B4A31 /* SaveButton_GuitarPotential.png */ = {isa = PBXFileReference; lastKnownFileType = image.png; path = SaveButton_GuitarPotential.png; sourceTree = "<group>"; };
		A71C7B491AB5ADCC007B4A31 /* TutorialButton_GuitarPotential.png */ = {isa = PBXFileReference; lastKnownFileType = image.png; path = TutorialButton_GuitarPotential.png; sourceTree = "<group>"; };
		A71C7B5D1AB5ADF5007B4A31 /* head_close.png */ = {isa = PBXFileReference; lastKnownFileType = image.png; path = head_close.png; sourceTree = "<group>"; };
		A71C7B5E1AB5ADF5007B4A31 /* head_open.png */ = {isa = PBXFileReference; lastKnownFileType = image.png; path = head_open.png; sourceTree = "<group>"; };
		A71C7B5F1AB5ADF5007B4A31 /* lighting_head_close.png */ = {isa = PBXFileReference; lastKnownFileType = image.png; path = lighting_head_close.png; sourceTree = "<group>"; };
		A71C7B601AB5ADF5007B4A31 /* lighting_head_open.png */ = {isa = PBXFileReference; lastKnownFileType = image.png; path = lighting_head_open.png; sourceTree = "<group>"; };
		A71C7B611AB5ADF5007B4A31 /* normal_guitarstring.png */ = {isa = PBXFileReference; lastKnownFileType = image.png; path = normal_guitarstring.png; sourceTree = "<group>"; };
		A71C7B621AB5ADF5007B4A31 /* pressedstring1.png */ = {isa = PBXFileReference; lastKnownFileType = image.png; path = pressedstring1.png; sourceTree = "<group>"; };
		A71C7B631AB5ADF5007B4A31 /* pressedstring2.png */ = {isa = PBXFileReference; lastKnownFileType = image.png; path = pressedstring2.png; sourceTree = "<group>"; };
		A71C7B641AB5ADF5007B4A31 /* pressedstring3.png */ = {isa = PBXFileReference; lastKnownFileType = image.png; path = pressedstring3.png; sourceTree = "<group>"; };
		A71C7B651AB5ADF5007B4A31 /* pressedstring4.png */ = {isa = PBXFileReference; lastKnownFileType = image.png; path = pressedstring4.png; sourceTree = "<group>"; };
		A71C7B661AB5ADF5007B4A31 /* pressedstring5.png */ = {isa = PBXFileReference; lastKnownFileType = image.png; path = pressedstring5.png; sourceTree = "<group>"; };
		A71C7B671AB5ADF5007B4A31 /* pressedstring6.png */ = {isa = PBXFileReference; lastKnownFileType = image.png; path = pressedstring6.png; sourceTree = "<group>"; };
		A71C7B681AB5ADF5007B4A31 /* pushed_guitarstring.png */ = {isa = PBXFileReference; lastKnownFileType = image.png; path = pushed_guitarstring.png; sourceTree = "<group>"; };
		A71C7B691AB5ADF5007B4A31 /* string1.png */ = {isa = PBXFileReference; lastKnownFileType = image.png; path = string1.png; sourceTree = "<group>"; };
		A71C7B6A1AB5ADF5007B4A31 /* string2.png */ = {isa = PBXFileReference; lastKnownFileType = image.png; path = string2.png; sourceTree = "<group>"; };
		A71C7B6B1AB5ADF5007B4A31 /* string3.png */ = {isa = PBXFileReference; lastKnownFileType = image.png; path = string3.png; sourceTree = "<group>"; };
		A71C7B6C1AB5ADF5007B4A31 /* string4.png */ = {isa = PBXFileReference; lastKnownFileType = image.png; path = string4.png; sourceTree = "<group>"; };
		A71C7B6D1AB5ADF5007B4A31 /* string5.png */ = {isa = PBXFileReference; lastKnownFileType = image.png; path = string5.png; sourceTree = "<group>"; };
		A71C7B6E1AB5ADF5007B4A31 /* string6.png */ = {isa = PBXFileReference; lastKnownFileType = image.png; path = string6.png; sourceTree = "<group>"; };
		A736488F1AB208C9002DC97C /* TutorialViewController.h */ = {isa = PBXFileReference; fileEncoding = 4; lastKnownFileType = sourcecode.c.h; path = TutorialViewController.h; sourceTree = "<group>"; };
		A73648901AB208C9002DC97C /* TutorialViewController.m */ = {isa = PBXFileReference; fileEncoding = 4; lastKnownFileType = sourcecode.c.objc; path = TutorialViewController.m; sourceTree = "<group>"; };
		A74F46C61AA307CB00ACE730 /* TSUNAMI.txt */ = {isa = PBXFileReference; fileEncoding = 2147486209; lastKnownFileType = text; path = TSUNAMI.txt; sourceTree = "<group>"; };
		A78537231A9B0BB2008DF74F /* detailViewController.h */ = {isa = PBXFileReference; fileEncoding = 4; lastKnownFileType = sourcecode.c.h; path = detailViewController.h; sourceTree = "<group>"; };
		A78537241A9B0BB2008DF74F /* detailViewController.m */ = {isa = PBXFileReference; fileEncoding = 4; lastKnownFileType = sourcecode.c.objc; path = detailViewController.m; sourceTree = "<group>"; };
		A7952C311A9F77140084DCE7 /* いとしのエリー.txt */ = {isa = PBXFileReference; fileEncoding = 2147486209; lastKnownFileType = text; path = "いとしのエリー.txt"; sourceTree = "<group>"; };
		A79DB06B1AB2ABCC00BD0B54 /* SEManager.h */ = {isa = PBXFileReference; fileEncoding = 4; lastKnownFileType = sourcecode.c.h; path = SEManager.h; sourceTree = "<group>"; };
		A79DB06C1AB2ABCC00BD0B54 /* SEManager.m */ = {isa = PBXFileReference; fileEncoding = 4; lastKnownFileType = sourcecode.c.objc; path = SEManager.m; sourceTree = "<group>"; };
		A79DB06F1AB2ADE000BD0B54 /* sound01.wav */ = {isa = PBXFileReference; lastKnownFileType = audio.wav; path = sound01.wav; sourceTree = "<group>"; };
		A79DB0701AB2ADE000BD0B54 /* sound02.wav */ = {isa = PBXFileReference; lastKnownFileType = audio.wav; path = sound02.wav; sourceTree = "<group>"; };
		A79DB0711AB2ADE000BD0B54 /* sound03.wav */ = {isa = PBXFileReference; lastKnownFileType = audio.wav; path = sound03.wav; sourceTree = "<group>"; };
		A79DB0721AB2ADE000BD0B54 /* sound04.wav */ = {isa = PBXFileReference; lastKnownFileType = audio.wav; path = sound04.wav; sourceTree = "<group>"; };
		A79DB0731AB2ADE000BD0B54 /* sound05.wav */ = {isa = PBXFileReference; lastKnownFileType = audio.wav; path = sound05.wav; sourceTree = "<group>"; };
		A79DB0741AB2ADE000BD0B54 /* sound06.wav */ = {isa = PBXFileReference; lastKnownFileType = audio.wav; path = sound06.wav; sourceTree = "<group>"; };
		A79DB0751AB2ADE000BD0B54 /* sound11.wav */ = {isa = PBXFileReference; lastKnownFileType = audio.wav; path = sound11.wav; sourceTree = "<group>"; };
		A79DB0761AB2ADE000BD0B54 /* sound12.wav */ = {isa = PBXFileReference; lastKnownFileType = audio.wav; path = sound12.wav; sourceTree = "<group>"; };
		A79DB0771AB2ADE000BD0B54 /* sound13.wav */ = {isa = PBXFileReference; lastKnownFileType = audio.wav; path = sound13.wav; sourceTree = "<group>"; };
		A79DB0781AB2ADE000BD0B54 /* sound14.wav */ = {isa = PBXFileReference; lastKnownFileType = audio.wav; path = sound14.wav; sourceTree = "<group>"; };
		A79DB0791AB2ADE000BD0B54 /* sound15.wav */ = {isa = PBXFileReference; lastKnownFileType = audio.wav; path = sound15.wav; sourceTree = "<group>"; };
		A79DB07A1AB2ADE000BD0B54 /* sound16.wav */ = {isa = PBXFileReference; lastKnownFileType = audio.wav; path = sound16.wav; sourceTree = "<group>"; };
		A79DB07B1AB2ADE000BD0B54 /* sound21.wav */ = {isa = PBXFileReference; lastKnownFileType = audio.wav; path = sound21.wav; sourceTree = "<group>"; };
		A79DB07C1AB2ADE000BD0B54 /* sound22.wav */ = {isa = PBXFileReference; lastKnownFileType = audio.wav; path = sound22.wav; sourceTree = "<group>"; };
		A79DB07D1AB2ADE000BD0B54 /* sound23.wav */ = {isa = PBXFileReference; lastKnownFileType = audio.wav; path = sound23.wav; sourceTree = "<group>"; };
		A79DB07E1AB2ADE000BD0B54 /* sound24.wav */ = {isa = PBXFileReference; lastKnownFileType = audio.wav; path = sound24.wav; sourceTree = "<group>"; };
		A79DB07F1AB2ADE000BD0B54 /* sound25.wav */ = {isa = PBXFileReference; lastKnownFileType = audio.wav; path = sound25.wav; sourceTree = "<group>"; };
		A79DB0801AB2ADE000BD0B54 /* sound26.wav */ = {isa = PBXFileReference; lastKnownFileType = audio.wav; path = sound26.wav; sourceTree = "<group>"; };
		A79DB0811AB2ADE000BD0B54 /* sound31.wav */ = {isa = PBXFileReference; lastKnownFileType = audio.wav; path = sound31.wav; sourceTree = "<group>"; };
		A79DB0821AB2ADE000BD0B54 /* sound32.wav */ = {isa = PBXFileReference; lastKnownFileType = audio.wav; path = sound32.wav; sourceTree = "<group>"; };
		A79DB0831AB2ADE000BD0B54 /* sound33.wav */ = {isa = PBXFileReference; lastKnownFileType = audio.wav; path = sound33.wav; sourceTree = "<group>"; };
		A79DB0841AB2ADE000BD0B54 /* sound34.wav */ = {isa = PBXFileReference; lastKnownFileType = audio.wav; path = sound34.wav; sourceTree = "<group>"; };
		A79DB0851AB2ADE000BD0B54 /* sound35.wav */ = {isa = PBXFileReference; lastKnownFileType = audio.wav; path = sound35.wav; sourceTree = "<group>"; };
		A79DB0861AB2ADE000BD0B54 /* sound36.wav */ = {isa = PBXFileReference; lastKnownFileType = audio.wav; path = sound36.wav; sourceTree = "<group>"; };
		A79DB0871AB2ADE000BD0B54 /* sound41.wav */ = {isa = PBXFileReference; lastKnownFileType = audio.wav; path = sound41.wav; sourceTree = "<group>"; };
		A79DB0881AB2ADE000BD0B54 /* sound42.wav */ = {isa = PBXFileReference; lastKnownFileType = audio.wav; path = sound42.wav; sourceTree = "<group>"; };
		A79DB0891AB2ADE000BD0B54 /* sound43.wav */ = {isa = PBXFileReference; lastKnownFileType = audio.wav; path = sound43.wav; sourceTree = "<group>"; };
		A79DB08A1AB2ADE000BD0B54 /* sound44.wav */ = {isa = PBXFileReference; lastKnownFileType = audio.wav; path = sound44.wav; sourceTree = "<group>"; };
		A79DB08B1AB2ADE000BD0B54 /* sound45.wav */ = {isa = PBXFileReference; lastKnownFileType = audio.wav; path = sound45.wav; sourceTree = "<group>"; };
		A79DB08C1AB2ADE000BD0B54 /* sound46.wav */ = {isa = PBXFileReference; lastKnownFileType = audio.wav; path = sound46.wav; sourceTree = "<group>"; };
		A79DB08D1AB2ADE000BD0B54 /* sound51.wav */ = {isa = PBXFileReference; lastKnownFileType = audio.wav; path = sound51.wav; sourceTree = "<group>"; };
		A79DB08E1AB2ADE000BD0B54 /* sound52.wav */ = {isa = PBXFileReference; lastKnownFileType = audio.wav; path = sound52.wav; sourceTree = "<group>"; };
		A79DB08F1AB2ADE000BD0B54 /* sound53.wav */ = {isa = PBXFileReference; lastKnownFileType = audio.wav; path = sound53.wav; sourceTree = "<group>"; };
		A79DB0901AB2ADE000BD0B54 /* sound54.wav */ = {isa = PBXFileReference; lastKnownFileType = audio.wav; path = sound54.wav; sourceTree = "<group>"; };
		A79DB0911AB2ADE000BD0B54 /* sound55.wav */ = {isa = PBXFileReference; lastKnownFileType = audio.wav; path = sound55.wav; sourceTree = "<group>"; };
		A79DB0921AB2ADE000BD0B54 /* sound56.wav */ = {isa = PBXFileReference; lastKnownFileType = audio.wav; path = sound56.wav; sourceTree = "<group>"; };
		A79DB0931AB2ADE000BD0B54 /* sound61.wav */ = {isa = PBXFileReference; lastKnownFileType = audio.wav; path = sound61.wav; sourceTree = "<group>"; };
		A79DB0941AB2ADE000BD0B54 /* sound62.wav */ = {isa = PBXFileReference; lastKnownFileType = audio.wav; path = sound62.wav; sourceTree = "<group>"; };
		A79DB0951AB2ADE000BD0B54 /* sound63.wav */ = {isa = PBXFileReference; lastKnownFileType = audio.wav; path = sound63.wav; sourceTree = "<group>"; };
		A79DB0961AB2ADE000BD0B54 /* sound64.wav */ = {isa = PBXFileReference; lastKnownFileType = audio.wav; path = sound64.wav; sourceTree = "<group>"; };
		A79DB0971AB2ADE000BD0B54 /* sound65.wav */ = {isa = PBXFileReference; lastKnownFileType = audio.wav; path = sound65.wav; sourceTree = "<group>"; };
		A79DB0981AB2ADE000BD0B54 /* sound66.wav */ = {isa = PBXFileReference; lastKnownFileType = audio.wav; path = sound66.wav; sourceTree = "<group>"; };
		A7A466C11AAEE45400FB050D /* GuitarContentViewController.h */ = {isa = PBXFileReference; fileEncoding = 4; lastKnownFileType = sourcecode.c.h; path = GuitarContentViewController.h; sourceTree = "<group>"; };
		A7A466C21AAEE45400FB050D /* GuitarContentViewController.m */ = {isa = PBXFileReference; fileEncoding = 4; lastKnownFileType = sourcecode.c.objc; path = GuitarContentViewController.m; sourceTree = "<group>"; };
		A7BEAD411AAC75AB00E2657B /* PickerViewController.h */ = {isa = PBXFileReference; fileEncoding = 4; lastKnownFileType = sourcecode.c.h; path = PickerViewController.h; sourceTree = "<group>"; };
		A7BEAD421AAC75AB00E2657B /* PickerViewController.m */ = {isa = PBXFileReference; fileEncoding = 4; lastKnownFileType = sourcecode.c.objc; path = PickerViewController.m; sourceTree = "<group>"; };
		A7D2F98C1AA3240300529626 /* GuitarViewController.h */ = {isa = PBXFileReference; fileEncoding = 4; lastKnownFileType = sourcecode.c.h; path = GuitarViewController.h; sourceTree = "<group>"; };
		A7D2F98D1AA3240300529626 /* GuitarViewController.m */ = {isa = PBXFileReference; fileEncoding = 4; lastKnownFileType = sourcecode.c.objc; path = GuitarViewController.m; sourceTree = "<group>"; };
		A7D69DA91AAACEED002B6990 /* CoreMotion.framework */ = {isa = PBXFileReference; lastKnownFileType = wrapper.framework; name = CoreMotion.framework; path = System/Library/Frameworks/CoreMotion.framework; sourceTree = SDKROOT; };
		A7D69DAB1AAAE64F002B6990 /* StrokeViewController.h */ = {isa = PBXFileReference; fileEncoding = 4; lastKnownFileType = sourcecode.c.h; path = StrokeViewController.h; sourceTree = "<group>"; };
		A7D69DAC1AAAE64F002B6990 /* StrokeViewController.m */ = {isa = PBXFileReference; fileEncoding = 4; lastKnownFileType = sourcecode.c.objc; path = StrokeViewController.m; sourceTree = "<group>"; };
		A7D69F371A9CC2FE00A2AB87 /* historyViewController.h */ = {isa = PBXFileReference; fileEncoding = 4; lastKnownFileType = sourcecode.c.h; path = historyViewController.h; sourceTree = "<group>"; };
		A7D69F381A9CC2FE00A2AB87 /* historyViewController.m */ = {isa = PBXFileReference; fileEncoding = 4; lastKnownFileType = sourcecode.c.objc; path = historyViewController.m; sourceTree = "<group>"; };
		A7E9E3031AA73DBB00E75587 /* AVFoundation.framework */ = {isa = PBXFileReference; lastKnownFileType = wrapper.framework; name = AVFoundation.framework; path = System/Library/Frameworks/AVFoundation.framework; sourceTree = SDKROOT; };
		A7EA74651A9B0291009B46AB /* GuitarPotentialApp.app */ = {isa = PBXFileReference; explicitFileType = wrapper.application; includeInIndex = 0; path = GuitarPotentialApp.app; sourceTree = BUILT_PRODUCTS_DIR; };
		A7EA74691A9B0291009B46AB /* Info.plist */ = {isa = PBXFileReference; lastKnownFileType = text.plist.xml; path = Info.plist; sourceTree = "<group>"; };
		A7EA746A1A9B0291009B46AB /* main.m */ = {isa = PBXFileReference; lastKnownFileType = sourcecode.c.objc; path = main.m; sourceTree = "<group>"; };
		A7EA746C1A9B0291009B46AB /* AppDelegate.h */ = {isa = PBXFileReference; lastKnownFileType = sourcecode.c.h; path = AppDelegate.h; sourceTree = "<group>"; };
		A7EA746D1A9B0291009B46AB /* AppDelegate.m */ = {isa = PBXFileReference; lastKnownFileType = sourcecode.c.objc; path = AppDelegate.m; sourceTree = "<group>"; };
		A7EA746F1A9B0291009B46AB /* ViewController.h */ = {isa = PBXFileReference; lastKnownFileType = sourcecode.c.h; path = ViewController.h; sourceTree = "<group>"; };
		A7EA74701A9B0291009B46AB /* ViewController.m */ = {isa = PBXFileReference; lastKnownFileType = sourcecode.c.objc; path = ViewController.m; sourceTree = "<group>"; };
		A7EA74731A9B0291009B46AB /* Base */ = {isa = PBXFileReference; lastKnownFileType = file.storyboard; name = Base; path = Base.lproj/Main.storyboard; sourceTree = "<group>"; };
		A7EA74751A9B0291009B46AB /* Images.xcassets */ = {isa = PBXFileReference; lastKnownFileType = folder.assetcatalog; path = Images.xcassets; sourceTree = "<group>"; };
		A7EA74781A9B0291009B46AB /* Base */ = {isa = PBXFileReference; lastKnownFileType = file.xib; name = Base; path = Base.lproj/LaunchScreen.xib; sourceTree = "<group>"; };
		A7EA747E1A9B0291009B46AB /* GuitarPotentialAppTests.xctest */ = {isa = PBXFileReference; explicitFileType = wrapper.cfbundle; includeInIndex = 0; path = GuitarPotentialAppTests.xctest; sourceTree = BUILT_PRODUCTS_DIR; };
		A7EA74831A9B0291009B46AB /* Info.plist */ = {isa = PBXFileReference; lastKnownFileType = text.plist.xml; path = Info.plist; sourceTree = "<group>"; };
		A7EA74841A9B0291009B46AB /* GuitarPotentialAppTests.m */ = {isa = PBXFileReference; lastKnownFileType = sourcecode.c.objc; path = GuitarPotentialAppTests.m; sourceTree = "<group>"; };
		A7EB6F051AA5A9AC0069DF0B /* GuitarModeViewController.h */ = {isa = PBXFileReference; fileEncoding = 4; lastKnownFileType = sourcecode.c.h; path = GuitarModeViewController.h; sourceTree = "<group>"; };
		A7EB6F061AA5A9AC0069DF0B /* GuitarModeViewController.m */ = {isa = PBXFileReference; fileEncoding = 4; lastKnownFileType = sourcecode.c.objc; path = GuitarModeViewController.m; sourceTree = "<group>"; };
		A7FACBDC1A9F0BAB00210638 /* AllSongsList.plist */ = {isa = PBXFileReference; fileEncoding = 4; lastKnownFileType = text.plist.xml; path = AllSongsList.plist; sourceTree = "<group>"; };
		A7FE3ED01AB5A40D007165B9 /* Tutorial10_GuitarPotential.png */ = {isa = PBXFileReference; lastKnownFileType = image.png; path = Tutorial10_GuitarPotential.png; sourceTree = "<group>"; };
		A7FE3ED11AB5A40D007165B9 /* Tutorial11_GuitarPotential.png */ = {isa = PBXFileReference; lastKnownFileType = image.png; path = Tutorial11_GuitarPotential.png; sourceTree = "<group>"; };
		A7FE3ED21AB5A40D007165B9 /* Tutorial12_GuitarPotential.png */ = {isa = PBXFileReference; lastKnownFileType = image.png; path = Tutorial12_GuitarPotential.png; sourceTree = "<group>"; };
		A7FE3ED31AB5A40D007165B9 /* Tutorial1_GuitarPotential.png */ = {isa = PBXFileReference; lastKnownFileType = image.png; path = Tutorial1_GuitarPotential.png; sourceTree = "<group>"; };
		A7FE3ED41AB5A40D007165B9 /* Tutorial2_GuitarPotential.png */ = {isa = PBXFileReference; lastKnownFileType = image.png; path = Tutorial2_GuitarPotential.png; sourceTree = "<group>"; };
		A7FE3ED51AB5A40D007165B9 /* Tutorial3_GuitarPotential.png */ = {isa = PBXFileReference; lastKnownFileType = image.png; path = Tutorial3_GuitarPotential.png; sourceTree = "<group>"; };
		A7FE3ED61AB5A40D007165B9 /* Tutorial4_GuitarPotential.png */ = {isa = PBXFileReference; lastKnownFileType = image.png; path = Tutorial4_GuitarPotential.png; sourceTree = "<group>"; };
		A7FE3ED71AB5A40D007165B9 /* Tutorial5_GuitarPotential.png */ = {isa = PBXFileReference; lastKnownFileType = image.png; path = Tutorial5_GuitarPotential.png; sourceTree = "<group>"; };
		A7FE3ED81AB5A40D007165B9 /* Tutorial6_GuitarPotential.png */ = {isa = PBXFileReference; lastKnownFileType = image.png; path = Tutorial6_GuitarPotential.png; sourceTree = "<group>"; };
		A7FE3ED91AB5A40D007165B9 /* Tutorial7_GuitarPotential.png */ = {isa = PBXFileReference; lastKnownFileType = image.png; path = Tutorial7_GuitarPotential.png; sourceTree = "<group>"; };
		A7FE3EDA1AB5A40D007165B9 /* Tutorial8_GuitarPotential.png */ = {isa = PBXFileReference; lastKnownFileType = image.png; path = Tutorial8_GuitarPotential.png; sourceTree = "<group>"; };
		A7FE3EDB1AB5A40D007165B9 /* Tutorial9_GuitarPotential.png */ = {isa = PBXFileReference; lastKnownFileType = image.png; path = Tutorial9_GuitarPotential.png; sourceTree = "<group>"; };
/* End PBXFileReference section */

/* Begin PBXFrameworksBuildPhase section */
		A7EA74621A9B0291009B46AB /* Frameworks */ = {
			isa = PBXFrameworksBuildPhase;
			buildActionMask = 2147483647;
			files = (
				A7D69DAA1AAACEED002B6990 /* CoreMotion.framework in Frameworks */,
				A7E9E3041AA73DBB00E75587 /* AVFoundation.framework in Frameworks */,
			);
			runOnlyForDeploymentPostprocessing = 0;
		};
		A7EA747B1A9B0291009B46AB /* Frameworks */ = {
			isa = PBXFrameworksBuildPhase;
			buildActionMask = 2147483647;
			files = (
			);
			runOnlyForDeploymentPostprocessing = 0;
		};
/* End PBXFrameworksBuildPhase section */

/* Begin PBXGroup section */
		A71C7B371AB5ADCC007B4A31 /* GuitarPotentialButton */ = {
			isa = PBXGroup;
			children = (
				A71C7B381AB5ADCC007B4A31 /* AButton_GuitarPotential.png */,
				A71C7B391AB5ADCC007B4A31 /* BButton_GuitarPotential.png */,
				A71C7B3A1AB5ADCC007B4A31 /* CanselButton_GuitarPotential.png */,
				A71C7B3B1AB5ADCC007B4A31 /* CanselTutorialButton.png */,
				A71C7B3C1AB5ADCC007B4A31 /* CButton_GuitarPotential.png */,
				A71C7B3D1AB5ADCC007B4A31 /* DButton_GuitarPotential.png */,
				A71C7B3E1AB5ADCC007B4A31 /* EButton_GuitarPotential.png */,
				A71C7B3F1AB5ADCC007B4A31 /* FButton_GuitarPotential.png */,
				A71C7B401AB5ADCC007B4A31 /* GButton_GuitarPotential.png */,
				A71C7B411AB5ADCC007B4A31 /* GuitarCodePracticeButton_GuitarPotential.png */,
				A71C7B421AB5ADCC007B4A31 /* GuitarIcon.png */,
				A71C7B431AB5ADCC007B4A31 /* Home-50.png */,
				A71C7B441AB5ADCC007B4A31 /* HomeButton_GuitarPotential.png */,
				A71C7B451AB5ADCC007B4A31 /* Info-50.png */,
				A71C7B461AB5ADCC007B4A31 /* InfomationButton_GuitarPotential.png */,
				A71C7B471AB5ADCC007B4A31 /* KeyChangeButton_GuitarPotential.png */,
				A71C7B481AB5ADCC007B4A31 /* SaveButton_GuitarPotential.png */,
				A71C7B491AB5ADCC007B4A31 /* TutorialButton_GuitarPotential.png */,
			);
			path = GuitarPotentialButton;
			sourceTree = "<group>";
		};
		A71C7B5C1AB5ADF5007B4A31 /* GuitarCodeTrainerPictures */ = {
			isa = PBXGroup;
			children = (
				A71C7B5D1AB5ADF5007B4A31 /* head_close.png */,
				A71C7B5E1AB5ADF5007B4A31 /* head_open.png */,
				A71C7B5F1AB5ADF5007B4A31 /* lighting_head_close.png */,
				A71C7B601AB5ADF5007B4A31 /* lighting_head_open.png */,
				A71C7B611AB5ADF5007B4A31 /* normal_guitarstring.png */,
				A71C7B621AB5ADF5007B4A31 /* pressedstring1.png */,
				A71C7B631AB5ADF5007B4A31 /* pressedstring2.png */,
				A71C7B641AB5ADF5007B4A31 /* pressedstring3.png */,
				A71C7B651AB5ADF5007B4A31 /* pressedstring4.png */,
				A71C7B661AB5ADF5007B4A31 /* pressedstring5.png */,
				A71C7B671AB5ADF5007B4A31 /* pressedstring6.png */,
				A71C7B681AB5ADF5007B4A31 /* pushed_guitarstring.png */,
				A71C7B691AB5ADF5007B4A31 /* string1.png */,
				A71C7B6A1AB5ADF5007B4A31 /* string2.png */,
				A71C7B6B1AB5ADF5007B4A31 /* string3.png */,
				A71C7B6C1AB5ADF5007B4A31 /* string4.png */,
				A71C7B6D1AB5ADF5007B4A31 /* string5.png */,
				A71C7B6E1AB5ADF5007B4A31 /* string6.png */,
			);
			path = GuitarCodeTrainerPictures;
			sourceTree = "<group>";
		};
		A79DB06E1AB2ADE000BD0B54 /* raw */ = {
			isa = PBXGroup;
			children = (
				A79DB06F1AB2ADE000BD0B54 /* sound01.wav */,
				A79DB0701AB2ADE000BD0B54 /* sound02.wav */,
				A79DB0711AB2ADE000BD0B54 /* sound03.wav */,
				A79DB0721AB2ADE000BD0B54 /* sound04.wav */,
				A79DB0731AB2ADE000BD0B54 /* sound05.wav */,
				A79DB0741AB2ADE000BD0B54 /* sound06.wav */,
				A79DB0751AB2ADE000BD0B54 /* sound11.wav */,
				A79DB0761AB2ADE000BD0B54 /* sound12.wav */,
				A79DB0771AB2ADE000BD0B54 /* sound13.wav */,
				A79DB0781AB2ADE000BD0B54 /* sound14.wav */,
				A79DB0791AB2ADE000BD0B54 /* sound15.wav */,
				A79DB07A1AB2ADE000BD0B54 /* sound16.wav */,
				A79DB07B1AB2ADE000BD0B54 /* sound21.wav */,
				A79DB07C1AB2ADE000BD0B54 /* sound22.wav */,
				A79DB07D1AB2ADE000BD0B54 /* sound23.wav */,
				A79DB07E1AB2ADE000BD0B54 /* sound24.wav */,
				A79DB07F1AB2ADE000BD0B54 /* sound25.wav */,
				A79DB0801AB2ADE000BD0B54 /* sound26.wav */,
				A79DB0811AB2ADE000BD0B54 /* sound31.wav */,
				A79DB0821AB2ADE000BD0B54 /* sound32.wav */,
				A79DB0831AB2ADE000BD0B54 /* sound33.wav */,
				A79DB0841AB2ADE000BD0B54 /* sound34.wav */,
				A79DB0851AB2ADE000BD0B54 /* sound35.wav */,
				A79DB0861AB2ADE000BD0B54 /* sound36.wav */,
				A79DB0871AB2ADE000BD0B54 /* sound41.wav */,
				A79DB0881AB2ADE000BD0B54 /* sound42.wav */,
				A79DB0891AB2ADE000BD0B54 /* sound43.wav */,
				A79DB08A1AB2ADE000BD0B54 /* sound44.wav */,
				A79DB08B1AB2ADE000BD0B54 /* sound45.wav */,
				A79DB08C1AB2ADE000BD0B54 /* sound46.wav */,
				A79DB08D1AB2ADE000BD0B54 /* sound51.wav */,
				A79DB08E1AB2ADE000BD0B54 /* sound52.wav */,
				A79DB08F1AB2ADE000BD0B54 /* sound53.wav */,
				A79DB0901AB2ADE000BD0B54 /* sound54.wav */,
				A79DB0911AB2ADE000BD0B54 /* sound55.wav */,
				A79DB0921AB2ADE000BD0B54 /* sound56.wav */,
				A79DB0931AB2ADE000BD0B54 /* sound61.wav */,
				A79DB0941AB2ADE000BD0B54 /* sound62.wav */,
				A79DB0951AB2ADE000BD0B54 /* sound63.wav */,
				A79DB0961AB2ADE000BD0B54 /* sound64.wav */,
				A79DB0971AB2ADE000BD0B54 /* sound65.wav */,
				A79DB0981AB2ADE000BD0B54 /* sound66.wav */,
			);
			path = raw;
			sourceTree = "<group>";
		};
		A7EA745C1A9B0291009B46AB = {
			isa = PBXGroup;
			children = (
				A7D69DA91AAACEED002B6990 /* CoreMotion.framework */,
				A7E9E3031AA73DBB00E75587 /* AVFoundation.framework */,
				A7EA74671A9B0291009B46AB /* GuitarPotentialApp */,
				A7EA74811A9B0291009B46AB /* GuitarPotentialAppTests */,
				A7EA74661A9B0291009B46AB /* Products */,
			);
			sourceTree = "<group>";
		};
		A7EA74661A9B0291009B46AB /* Products */ = {
			isa = PBXGroup;
			children = (
				A7EA74651A9B0291009B46AB /* GuitarPotentialApp.app */,
				A7EA747E1A9B0291009B46AB /* GuitarPotentialAppTests.xctest */,
			);
			name = Products;
			sourceTree = "<group>";
		};
		A7EA74671A9B0291009B46AB /* GuitarPotentialApp */ = {
			isa = PBXGroup;
			children = (
				A71C7B5C1AB5ADF5007B4A31 /* GuitarCodeTrainerPictures */,
				A71C7B371AB5ADCC007B4A31 /* GuitarPotentialButton */,
				A7FE3ECF1AB5A40D007165B9 /* TutorialPictures_GuitarPotential */,
				A79DB06E1AB2ADE000BD0B54 /* raw */,
				A79DB06B1AB2ABCC00BD0B54 /* SEManager.h */,
				A79DB06C1AB2ABCC00BD0B54 /* SEManager.m */,
				A7EA746C1A9B0291009B46AB /* AppDelegate.h */,
				A7EA746D1A9B0291009B46AB /* AppDelegate.m */,
				A7EA746F1A9B0291009B46AB /* ViewController.h */,
				A7EA74701A9B0291009B46AB /* ViewController.m */,
				A7D69F371A9CC2FE00A2AB87 /* historyViewController.h */,
				A7D69F381A9CC2FE00A2AB87 /* historyViewController.m */,
				A7FACBDC1A9F0BAB00210638 /* AllSongsList.plist */,
				A78537231A9B0BB2008DF74F /* detailViewController.h */,
				A78537241A9B0BB2008DF74F /* detailViewController.m */,
				A7BEAD411AAC75AB00E2657B /* PickerViewController.h */,
				A7BEAD421AAC75AB00E2657B /* PickerViewController.m */,
				A7D2F98C1AA3240300529626 /* GuitarViewController.h */,
				A7D2F98D1AA3240300529626 /* GuitarViewController.m */,
				A7A466C11AAEE45400FB050D /* GuitarContentViewController.h */,
				A7A466C21AAEE45400FB050D /* GuitarContentViewController.m */,
				A7EB6F051AA5A9AC0069DF0B /* GuitarModeViewController.h */,
				A7EB6F061AA5A9AC0069DF0B /* GuitarModeViewController.m */,
				A7D69DAB1AAAE64F002B6990 /* StrokeViewController.h */,
				A7D69DAC1AAAE64F002B6990 /* StrokeViewController.m */,
				A736488F1AB208C9002DC97C /* TutorialViewController.h */,
				A73648901AB208C9002DC97C /* TutorialViewController.m */,
				A7EA74721A9B0291009B46AB /* Main.storyboard */,
				A7EA74751A9B0291009B46AB /* Images.xcassets */,
				A7EA74771A9B0291009B46AB /* LaunchScreen.xib */,
				A7EA74681A9B0291009B46AB /* Supporting Files */,
			);
			path = GuitarPotentialApp;
			sourceTree = "<group>";
		};
		A7EA74681A9B0291009B46AB /* Supporting Files */ = {
			isa = PBXGroup;
			children = (
				A74F46C61AA307CB00ACE730 /* TSUNAMI.txt */,
				A7952C311A9F77140084DCE7 /* いとしのエリー.txt */,
				A71918801A9B131000C5377E /* 涙のキッス.txt */,
				A7EA74691A9B0291009B46AB /* Info.plist */,
				A7EA746A1A9B0291009B46AB /* main.m */,
			);
			name = "Supporting Files";
			sourceTree = "<group>";
		};
		A7EA74811A9B0291009B46AB /* GuitarPotentialAppTests */ = {
			isa = PBXGroup;
			children = (
				A7EA74841A9B0291009B46AB /* GuitarPotentialAppTests.m */,
				A7EA74821A9B0291009B46AB /* Supporting Files */,
			);
			path = GuitarPotentialAppTests;
			sourceTree = "<group>";
		};
		A7EA74821A9B0291009B46AB /* Supporting Files */ = {
			isa = PBXGroup;
			children = (
				A7EA74831A9B0291009B46AB /* Info.plist */,
			);
			name = "Supporting Files";
			sourceTree = "<group>";
		};
		A7FE3ECF1AB5A40D007165B9 /* TutorialPictures_GuitarPotential */ = {
			isa = PBXGroup;
			children = (
				A7FE3ED01AB5A40D007165B9 /* Tutorial10_GuitarPotential.png */,
				A7FE3ED11AB5A40D007165B9 /* Tutorial11_GuitarPotential.png */,
				A7FE3ED21AB5A40D007165B9 /* Tutorial12_GuitarPotential.png */,
				A7FE3ED31AB5A40D007165B9 /* Tutorial1_GuitarPotential.png */,
				A7FE3ED41AB5A40D007165B9 /* Tutorial2_GuitarPotential.png */,
				A7FE3ED51AB5A40D007165B9 /* Tutorial3_GuitarPotential.png */,
				A7FE3ED61AB5A40D007165B9 /* Tutorial4_GuitarPotential.png */,
				A7FE3ED71AB5A40D007165B9 /* Tutorial5_GuitarPotential.png */,
				A7FE3ED81AB5A40D007165B9 /* Tutorial6_GuitarPotential.png */,
				A7FE3ED91AB5A40D007165B9 /* Tutorial7_GuitarPotential.png */,
				A7FE3EDA1AB5A40D007165B9 /* Tutorial8_GuitarPotential.png */,
				A7FE3EDB1AB5A40D007165B9 /* Tutorial9_GuitarPotential.png */,
			);
			path = TutorialPictures_GuitarPotential;
			sourceTree = "<group>";
		};
/* End PBXGroup section */

/* Begin PBXNativeTarget section */
		A7EA74641A9B0291009B46AB /* GuitarPotentialApp */ = {
			isa = PBXNativeTarget;
			buildConfigurationList = A7EA74881A9B0291009B46AB /* Build configuration list for PBXNativeTarget "GuitarPotentialApp" */;
			buildPhases = (
				A7EA74611A9B0291009B46AB /* Sources */,
				A7EA74621A9B0291009B46AB /* Frameworks */,
				A7EA74631A9B0291009B46AB /* Resources */,
			);
			buildRules = (
			);
			dependencies = (
			);
			name = GuitarPotentialApp;
			productName = GuitarPotentialApp;
			productReference = A7EA74651A9B0291009B46AB /* GuitarPotentialApp.app */;
			productType = "com.apple.product-type.application";
		};
		A7EA747D1A9B0291009B46AB /* GuitarPotentialAppTests */ = {
			isa = PBXNativeTarget;
			buildConfigurationList = A7EA748B1A9B0291009B46AB /* Build configuration list for PBXNativeTarget "GuitarPotentialAppTests" */;
			buildPhases = (
				A7EA747A1A9B0291009B46AB /* Sources */,
				A7EA747B1A9B0291009B46AB /* Frameworks */,
				A7EA747C1A9B0291009B46AB /* Resources */,
			);
			buildRules = (
			);
			dependencies = (
				A7EA74801A9B0291009B46AB /* PBXTargetDependency */,
			);
			name = GuitarPotentialAppTests;
			productName = GuitarPotentialAppTests;
			productReference = A7EA747E1A9B0291009B46AB /* GuitarPotentialAppTests.xctest */;
			productType = "com.apple.product-type.bundle.unit-test";
		};
/* End PBXNativeTarget section */

/* Begin PBXProject section */
		A7EA745D1A9B0291009B46AB /* Project object */ = {
			isa = PBXProject;
			attributes = {
				LastUpgradeCheck = 0610;
				ORGANIZATIONNAME = oka.shinichiro;
				TargetAttributes = {
					A7EA74641A9B0291009B46AB = {
						CreatedOnToolsVersion = 6.1.1;
					};
					A7EA747D1A9B0291009B46AB = {
						CreatedOnToolsVersion = 6.1.1;
						TestTargetID = A7EA74641A9B0291009B46AB;
					};
				};
			};
			buildConfigurationList = A7EA74601A9B0291009B46AB /* Build configuration list for PBXProject "GuitarPotentialApp" */;
			compatibilityVersion = "Xcode 3.2";
			developmentRegion = English;
			hasScannedForEncodings = 0;
			knownRegions = (
				en,
				Base,
			);
			mainGroup = A7EA745C1A9B0291009B46AB;
			productRefGroup = A7EA74661A9B0291009B46AB /* Products */;
			projectDirPath = "";
			projectRoot = "";
			targets = (
				A7EA74641A9B0291009B46AB /* GuitarPotentialApp */,
				A7EA747D1A9B0291009B46AB /* GuitarPotentialAppTests */,
			);
		};
/* End PBXProject section */

/* Begin PBXResourcesBuildPhase section */
		A7EA74631A9B0291009B46AB /* Resources */ = {
			isa = PBXResourcesBuildPhase;
			buildActionMask = 2147483647;
			files = (
				A79DB0C01AB2ADE000BD0B54 /* sound64.wav in Resources */,
				A79DB0B41AB2ADE000BD0B54 /* sound44.wav in Resources */,
				A79DB0B31AB2ADE000BD0B54 /* sound43.wav in Resources */,
				A79DB0BB1AB2ADE000BD0B54 /* sound55.wav in Resources */,
				A79DB0BA1AB2ADE000BD0B54 /* sound54.wav in Resources */,
				A71C7B731AB5ADF5007B4A31 /* normal_guitarstring.png in Resources */,
				A7FE3EE21AB5A40D007165B9 /* Tutorial4_GuitarPotential.png in Resources */,
				A71C7B761AB5ADF5007B4A31 /* pressedstring3.png in Resources */,
				A71C7B511AB5ADCC007B4A31 /* FButton_GuitarPotential.png in Resources */,
				A79DB0A01AB2ADE000BD0B54 /* sound12.wav in Resources */,
				A71C7B6F1AB5ADF5007B4A31 /* head_close.png in Resources */,
				A71C7B701AB5ADF5007B4A31 /* head_open.png in Resources */,
				A79DB0AD1AB2ADE000BD0B54 /* sound33.wav in Resources */,
				A71C7B521AB5ADCC007B4A31 /* GButton_GuitarPotential.png in Resources */,
				A71C7B561AB5ADCC007B4A31 /* HomeButton_GuitarPotential.png in Resources */,
				A79DB0C11AB2ADE000BD0B54 /* sound65.wav in Resources */,
				A71C7B781AB5ADF5007B4A31 /* pressedstring5.png in Resources */,
				A7FE3EE61AB5A40D007165B9 /* Tutorial8_GuitarPotential.png in Resources */,
				A7FE3EE31AB5A40D007165B9 /* Tutorial5_GuitarPotential.png in Resources */,
				A79DB0B71AB2ADE000BD0B54 /* sound51.wav in Resources */,
				A71C7B7A1AB5ADF5007B4A31 /* pushed_guitarstring.png in Resources */,
				A71C7B541AB5ADCC007B4A31 /* GuitarIcon.png in Resources */,
				A79DB09A1AB2ADE000BD0B54 /* sound02.wav in Resources */,
				A71C7B791AB5ADF5007B4A31 /* pressedstring6.png in Resources */,
				A79DB0AA1AB2ADE000BD0B54 /* sound26.wav in Resources */,
				A79DB0B81AB2ADE000BD0B54 /* sound52.wav in Resources */,
				A79DB0B21AB2ADE000BD0B54 /* sound42.wav in Resources */,
				A71C7B531AB5ADCC007B4A31 /* GuitarCodePracticeButton_GuitarPotential.png in Resources */,
				A7EA74741A9B0291009B46AB /* Main.storyboard in Resources */,
				A71C7B4F1AB5ADCC007B4A31 /* DButton_GuitarPotential.png in Resources */,
				A7FE3EE51AB5A40D007165B9 /* Tutorial7_GuitarPotential.png in Resources */,
				A79DB0AF1AB2ADE000BD0B54 /* sound35.wav in Resources */,
				A79DB0B51AB2ADE000BD0B54 /* sound45.wav in Resources */,
				A71C7B551AB5ADCC007B4A31 /* Home-50.png in Resources */,
				A71C7B721AB5ADF5007B4A31 /* lighting_head_open.png in Resources */,
				A79DB0991AB2ADE000BD0B54 /* sound01.wav in Resources */,
				A71C7B711AB5ADF5007B4A31 /* lighting_head_close.png in Resources */,
				A79DB0B91AB2ADE000BD0B54 /* sound53.wav in Resources */,
				A71C7B7E1AB5ADF5007B4A31 /* string4.png in Resources */,
				A79DB0A41AB2ADE000BD0B54 /* sound16.wav in Resources */,
				A79DB0BE1AB2ADE000BD0B54 /* sound62.wav in Resources */,
				A7FE3EDF1AB5A40D007165B9 /* Tutorial1_GuitarPotential.png in Resources */,
				A79DB0A81AB2ADE000BD0B54 /* sound24.wav in Resources */,
				A71C7B801AB5ADF5007B4A31 /* string6.png in Resources */,
				A71C7B591AB5ADCC007B4A31 /* KeyChangeButton_GuitarPotential.png in Resources */,
				A79DB0AB1AB2ADE000BD0B54 /* sound31.wav in Resources */,
				A71C7B751AB5ADF5007B4A31 /* pressedstring2.png in Resources */,
				A7FE3EE11AB5A40D007165B9 /* Tutorial3_GuitarPotential.png in Resources */,
				A71C7B571AB5ADCC007B4A31 /* Info-50.png in Resources */,
				A7FE3EE41AB5A40D007165B9 /* Tutorial6_GuitarPotential.png in Resources */,
				A79DB0AE1AB2ADE000BD0B54 /* sound34.wav in Resources */,
				A7FE3EDD1AB5A40D007165B9 /* Tutorial11_GuitarPotential.png in Resources */,
				A79DB09D1AB2ADE000BD0B54 /* sound05.wav in Resources */,
				A79DB0B11AB2ADE000BD0B54 /* sound41.wav in Resources */,
				A79DB0A71AB2ADE000BD0B54 /* sound23.wav in Resources */,
				A79DB0B01AB2ADE000BD0B54 /* sound36.wav in Resources */,
				A71C7B4B1AB5ADCC007B4A31 /* BButton_GuitarPotential.png in Resources */,
				A7EA74791A9B0291009B46AB /* LaunchScreen.xib in Resources */,
				A79DB0AC1AB2ADE000BD0B54 /* sound32.wav in Resources */,
				A71C7B5B1AB5ADCC007B4A31 /* TutorialButton_GuitarPotential.png in Resources */,
				A71C7B7B1AB5ADF5007B4A31 /* string1.png in Resources */,
				A71C7B4C1AB5ADCC007B4A31 /* CanselButton_GuitarPotential.png in Resources */,
				A71918811A9B131000C5377E /* 涙のキッス.txt in Resources */,
				A79DB09B1AB2ADE000BD0B54 /* sound03.wav in Resources */,
				A79DB09C1AB2ADE000BD0B54 /* sound04.wav in Resources */,
				A7FE3EDC1AB5A40D007165B9 /* Tutorial10_GuitarPotential.png in Resources */,
				A79DB09E1AB2ADE000BD0B54 /* sound06.wav in Resources */,
				A79DB0BD1AB2ADE000BD0B54 /* sound61.wav in Resources */,
				A79DB0A11AB2ADE000BD0B54 /* sound13.wav in Resources */,
				A79DB0A51AB2ADE000BD0B54 /* sound21.wav in Resources */,
				A71C7B741AB5ADF5007B4A31 /* pressedstring1.png in Resources */,
				A79DB0A31AB2ADE000BD0B54 /* sound15.wav in Resources */,
				A79DB0A61AB2ADE000BD0B54 /* sound22.wav in Resources */,
				A79DB0A91AB2ADE000BD0B54 /* sound25.wav in Resources */,
				A71C7B4E1AB5ADCC007B4A31 /* CButton_GuitarPotential.png in Resources */,
				A71C7B7F1AB5ADF5007B4A31 /* string5.png in Resources */,
				A79DB0BC1AB2ADE000BD0B54 /* sound56.wav in Resources */,
				A71C7B771AB5ADF5007B4A31 /* pressedstring4.png in Resources */,
				A71C7B581AB5ADCC007B4A31 /* InfomationButton_GuitarPotential.png in Resources */,
				A7EA74761A9B0291009B46AB /* Images.xcassets in Resources */,
				A7FACBDD1A9F0BAB00210638 /* AllSongsList.plist in Resources */,
				A7FE3EE01AB5A40D007165B9 /* Tutorial2_GuitarPotential.png in Resources */,
				A79DB09F1AB2ADE000BD0B54 /* sound11.wav in Resources */,
				A71C7B501AB5ADCC007B4A31 /* EButton_GuitarPotential.png in Resources */,
				A79DB0A21AB2ADE000BD0B54 /* sound14.wav in Resources */,
				A79DB0B61AB2ADE000BD0B54 /* sound46.wav in Resources */,
				A71C7B4A1AB5ADCC007B4A31 /* AButton_GuitarPotential.png in Resources */,
				A79DB0BF1AB2ADE000BD0B54 /* sound63.wav in Resources */,
				A71C7B5A1AB5ADCC007B4A31 /* SaveButton_GuitarPotential.png in Resources */,
				A7FE3EE71AB5A40D007165B9 /* Tutorial9_GuitarPotential.png in Resources */,
				A79DB0C21AB2ADE000BD0B54 /* sound66.wav in Resources */,
				A74F46C71AA307CB00ACE730 /* TSUNAMI.txt in Resources */,
				A71C7B4D1AB5ADCC007B4A31 /* CanselTutorialButton.png in Resources */,
				A7FE3EDE1AB5A40D007165B9 /* Tutorial12_GuitarPotential.png in Resources */,
				A7952C321A9F77140084DCE7 /* いとしのエリー.txt in Resources */,
				A71C7B7D1AB5ADF5007B4A31 /* string3.png in Resources */,
				A71C7B7C1AB5ADF5007B4A31 /* string2.png in Resources */,
			);
			runOnlyForDeploymentPostprocessing = 0;
		};
		A7EA747C1A9B0291009B46AB /* Resources */ = {
			isa = PBXResourcesBuildPhase;
			buildActionMask = 2147483647;
			files = (
			);
			runOnlyForDeploymentPostprocessing = 0;
		};
/* End PBXResourcesBuildPhase section */

/* Begin PBXSourcesBuildPhase section */
		A7EA74611A9B0291009B46AB /* Sources */ = {
			isa = PBXSourcesBuildPhase;
			buildActionMask = 2147483647;
			files = (
				A7D69DAD1AAAE64F002B6990 /* StrokeViewController.m in Sources */,
				A7EA74711A9B0291009B46AB /* ViewController.m in Sources */,
				A73648911AB208C9002DC97C /* TutorialViewController.m in Sources */,
				A7BEAD431AAC75AB00E2657B /* PickerViewController.m in Sources */,
				A7D69F391A9CC2FE00A2AB87 /* historyViewController.m in Sources */,
				A7EB6F071AA5A9AC0069DF0B /* GuitarModeViewController.m in Sources */,
				A7D2F98E1AA3240300529626 /* GuitarViewController.m in Sources */,
				A7EA746E1A9B0291009B46AB /* AppDelegate.m in Sources */,
				A7A466C31AAEE45400FB050D /* GuitarContentViewController.m in Sources */,
				A79DB06D1AB2ABCC00BD0B54 /* SEManager.m in Sources */,
				A7EA746B1A9B0291009B46AB /* main.m in Sources */,
				A78537251A9B0BB2008DF74F /* detailViewController.m in Sources */,
			);
			runOnlyForDeploymentPostprocessing = 0;
		};
		A7EA747A1A9B0291009B46AB /* Sources */ = {
			isa = PBXSourcesBuildPhase;
			buildActionMask = 2147483647;
			files = (
				A7EA74851A9B0291009B46AB /* GuitarPotentialAppTests.m in Sources */,
			);
			runOnlyForDeploymentPostprocessing = 0;
		};
/* End PBXSourcesBuildPhase section */

/* Begin PBXTargetDependency section */
		A7EA74801A9B0291009B46AB /* PBXTargetDependency */ = {
			isa = PBXTargetDependency;
			target = A7EA74641A9B0291009B46AB /* GuitarPotentialApp */;
			targetProxy = A7EA747F1A9B0291009B46AB /* PBXContainerItemProxy */;
		};
/* End PBXTargetDependency section */

/* Begin PBXVariantGroup section */
		A7EA74721A9B0291009B46AB /* Main.storyboard */ = {
			isa = PBXVariantGroup;
			children = (
				A7EA74731A9B0291009B46AB /* Base */,
			);
			name = Main.storyboard;
			sourceTree = "<group>";
		};
		A7EA74771A9B0291009B46AB /* LaunchScreen.xib */ = {
			isa = PBXVariantGroup;
			children = (
				A7EA74781A9B0291009B46AB /* Base */,
			);
			name = LaunchScreen.xib;
			sourceTree = "<group>";
		};
/* End PBXVariantGroup section */

/* Begin XCBuildConfiguration section */
		A7EA74861A9B0291009B46AB /* Debug */ = {
			isa = XCBuildConfiguration;
			buildSettings = {
				ALWAYS_SEARCH_USER_PATHS = NO;
				CLANG_CXX_LANGUAGE_STANDARD = "gnu++0x";
				CLANG_CXX_LIBRARY = "libc++";
				CLANG_ENABLE_MODULES = YES;
				CLANG_ENABLE_OBJC_ARC = YES;
				CLANG_WARN_BOOL_CONVERSION = YES;
				CLANG_WARN_CONSTANT_CONVERSION = YES;
				CLANG_WARN_DIRECT_OBJC_ISA_USAGE = YES_ERROR;
				CLANG_WARN_EMPTY_BODY = YES;
				CLANG_WARN_ENUM_CONVERSION = YES;
				CLANG_WARN_INT_CONVERSION = YES;
				CLANG_WARN_OBJC_ROOT_CLASS = YES_ERROR;
				CLANG_WARN_UNREACHABLE_CODE = YES;
				CLANG_WARN__DUPLICATE_METHOD_MATCH = YES;
				"CODE_SIGN_IDENTITY[sdk=iphoneos*]" = "iPhone Developer";
				COPY_PHASE_STRIP = NO;
				ENABLE_STRICT_OBJC_MSGSEND = YES;
				GCC_C_LANGUAGE_STANDARD = gnu99;
				GCC_DYNAMIC_NO_PIC = NO;
				GCC_OPTIMIZATION_LEVEL = 0;
				GCC_PREPROCESSOR_DEFINITIONS = (
					"DEBUG=1",
					"$(inherited)",
				);
				GCC_SYMBOLS_PRIVATE_EXTERN = NO;
				GCC_WARN_64_TO_32_BIT_CONVERSION = YES;
				GCC_WARN_ABOUT_RETURN_TYPE = YES_ERROR;
				GCC_WARN_UNDECLARED_SELECTOR = YES;
				GCC_WARN_UNINITIALIZED_AUTOS = YES_AGGRESSIVE;
				GCC_WARN_UNUSED_FUNCTION = YES;
				GCC_WARN_UNUSED_VARIABLE = YES;
				IPHONEOS_DEPLOYMENT_TARGET = 8.1;
				MTL_ENABLE_DEBUG_INFO = YES;
				ONLY_ACTIVE_ARCH = YES;
				SDKROOT = iphoneos;
			};
			name = Debug;
		};
		A7EA74871A9B0291009B46AB /* Release */ = {
			isa = XCBuildConfiguration;
			buildSettings = {
				ALWAYS_SEARCH_USER_PATHS = NO;
				CLANG_CXX_LANGUAGE_STANDARD = "gnu++0x";
				CLANG_CXX_LIBRARY = "libc++";
				CLANG_ENABLE_MODULES = YES;
				CLANG_ENABLE_OBJC_ARC = YES;
				CLANG_WARN_BOOL_CONVERSION = YES;
				CLANG_WARN_CONSTANT_CONVERSION = YES;
				CLANG_WARN_DIRECT_OBJC_ISA_USAGE = YES_ERROR;
				CLANG_WARN_EMPTY_BODY = YES;
				CLANG_WARN_ENUM_CONVERSION = YES;
				CLANG_WARN_INT_CONVERSION = YES;
				CLANG_WARN_OBJC_ROOT_CLASS = YES_ERROR;
				CLANG_WARN_UNREACHABLE_CODE = YES;
				CLANG_WARN__DUPLICATE_METHOD_MATCH = YES;
				"CODE_SIGN_IDENTITY[sdk=iphoneos*]" = "iPhone Developer";
				COPY_PHASE_STRIP = YES;
				ENABLE_NS_ASSERTIONS = NO;
				ENABLE_STRICT_OBJC_MSGSEND = YES;
				GCC_C_LANGUAGE_STANDARD = gnu99;
				GCC_WARN_64_TO_32_BIT_CONVERSION = YES;
				GCC_WARN_ABOUT_RETURN_TYPE = YES_ERROR;
				GCC_WARN_UNDECLARED_SELECTOR = YES;
				GCC_WARN_UNINITIALIZED_AUTOS = YES_AGGRESSIVE;
				GCC_WARN_UNUSED_FUNCTION = YES;
				GCC_WARN_UNUSED_VARIABLE = YES;
				IPHONEOS_DEPLOYMENT_TARGET = 8.1;
				MTL_ENABLE_DEBUG_INFO = NO;
				SDKROOT = iphoneos;
				VALIDATE_PRODUCT = YES;
			};
			name = Release;
		};
		A7EA74891A9B0291009B46AB /* Debug */ = {
			isa = XCBuildConfiguration;
			buildSettings = {
				ASSETCATALOG_COMPILER_APPICON_NAME = AppIcon;
				CODE_SIGN_IDENTITY = "iPhone Developer: Shinichiro Oka (A9TG2Z8NN8)";
				GCC_WARN_UNDECLARED_SELECTOR = NO;
				INFOPLIST_FILE = GuitarPotentialApp/Info.plist;
				LD_RUNPATH_SEARCH_PATHS = "$(inherited) @executable_path/Frameworks";
				PRODUCT_NAME = "$(TARGET_NAME)";
				PROVISIONING_PROFILE = "45aaec02-c7b2-4fc1-8d29-58101d554b84";
			};
			name = Debug;
		};
		A7EA748A1A9B0291009B46AB /* Release */ = {
			isa = XCBuildConfiguration;
			buildSettings = {
				ASSETCATALOG_COMPILER_APPICON_NAME = AppIcon;
				CODE_SIGN_IDENTITY = "iPhone Developer: Shinichiro Oka (A9TG2Z8NN8)";
				GCC_WARN_UNDECLARED_SELECTOR = NO;
				INFOPLIST_FILE = GuitarPotentialApp/Info.plist;
				LD_RUNPATH_SEARCH_PATHS = "$(inherited) @executable_path/Frameworks";
				PRODUCT_NAME = "$(TARGET_NAME)";
				PROVISIONING_PROFILE = "45aaec02-c7b2-4fc1-8d29-58101d554b84";
			};
			name = Release;
		};
		A7EA748C1A9B0291009B46AB /* Debug */ = {
			isa = XCBuildConfiguration;
			buildSettings = {
				BUNDLE_LOADER = "$(TEST_HOST)";
				FRAMEWORK_SEARCH_PATHS = (
					"$(SDKROOT)/Developer/Library/Frameworks",
					"$(inherited)",
				);
				GCC_PREPROCESSOR_DEFINITIONS = (
					"DEBUG=1",
					"$(inherited)",
				);
				INFOPLIST_FILE = GuitarPotentialAppTests/Info.plist;
				LD_RUNPATH_SEARCH_PATHS = "$(inherited) @executable_path/Frameworks @loader_path/Frameworks";
				PRODUCT_NAME = "$(TARGET_NAME)";
				TEST_HOST = "$(BUILT_PRODUCTS_DIR)/GuitarPotentialApp.app/GuitarPotentialApp";
			};
			name = Debug;
		};
		A7EA748D1A9B0291009B46AB /* Release */ = {
			isa = XCBuildConfiguration;
			buildSettings = {
				BUNDLE_LOADER = "$(TEST_HOST)";
				FRAMEWORK_SEARCH_PATHS = (
					"$(SDKROOT)/Developer/Library/Frameworks",
					"$(inherited)",
				);
				INFOPLIST_FILE = GuitarPotentialAppTests/Info.plist;
				LD_RUNPATH_SEARCH_PATHS = "$(inherited) @executable_path/Frameworks @loader_path/Frameworks";
				PRODUCT_NAME = "$(TARGET_NAME)";
				TEST_HOST = "$(BUILT_PRODUCTS_DIR)/GuitarPotentialApp.app/GuitarPotentialApp";
			};
			name = Release;
		};
/* End XCBuildConfiguration section */

/* Begin XCConfigurationList section */
		A7EA74601A9B0291009B46AB /* Build configuration list for PBXProject "GuitarPotentialApp" */ = {
			isa = XCConfigurationList;
			buildConfigurations = (
				A7EA74861A9B0291009B46AB /* Debug */,
				A7EA74871A9B0291009B46AB /* Release */,
			);
			defaultConfigurationIsVisible = 0;
			defaultConfigurationName = Release;
		};
		A7EA74881A9B0291009B46AB /* Build configuration list for PBXNativeTarget "GuitarPotentialApp" */ = {
			isa = XCConfigurationList;
			buildConfigurations = (
				A7EA74891A9B0291009B46AB /* Debug */,
				A7EA748A1A9B0291009B46AB /* Release */,
			);
			defaultConfigurationIsVisible = 0;
			defaultConfigurationName = Release;
		};
		A7EA748B1A9B0291009B46AB /* Build configuration list for PBXNativeTarget "GuitarPotentialAppTests" */ = {
			isa = XCConfigurationList;
			buildConfigurations = (
				A7EA748C1A9B0291009B46AB /* Debug */,
				A7EA748D1A9B0291009B46AB /* Release */,
			);
			defaultConfigurationIsVisible = 0;
			defaultConfigurationName = Release;
		};
/* End XCConfigurationList section */
	};
	rootObject = A7EA745D1A9B0291009B46AB /* Project object */;
}
