// !$*UTF8*$!
{
	archiveVersion = 1;
	classes = {
	};
	objectVersion = 46;
	objects = {

/* Begin PBXBuildFile section */
		A71918811A9B131000C5377E /* 涙のキッス.txt in Resources */ = {isa = PBXBuildFile; fileRef = A71918801A9B131000C5377E /* 涙のキッス.txt */; };
		A74F46C71AA307CB00ACE730 /* TSUNAMI.txt in Resources */ = {isa = PBXBuildFile; fileRef = A74F46C61AA307CB00ACE730 /* TSUNAMI.txt */; };
		A78537251A9B0BB2008DF74F /* detailViewController.m in Sources */ = {isa = PBXBuildFile; fileRef = A78537241A9B0BB2008DF74F /* detailViewController.m */; };
		A7952C321A9F77140084DCE7 /* いとしのエリー.txt in Resources */ = {isa = PBXBuildFile; fileRef = A7952C311A9F77140084DCE7 /* いとしのエリー.txt */; };
		A79F83251AA858EB004297D7 /* SEManager.m in Sources */ = {isa = PBXBuildFile; fileRef = A79F83241AA858EB004297D7 /* SEManager.m */; };
		A7A236AA1AA75C62006678F1 /* sound01.wav in Resources */ = {isa = PBXBuildFile; fileRef = A7A236801AA75C62006678F1 /* sound01.wav */; };
		A7A236AB1AA75C62006678F1 /* sound02.wav in Resources */ = {isa = PBXBuildFile; fileRef = A7A236811AA75C62006678F1 /* sound02.wav */; };
		A7A236AC1AA75C62006678F1 /* sound03.wav in Resources */ = {isa = PBXBuildFile; fileRef = A7A236821AA75C62006678F1 /* sound03.wav */; };
		A7A236AD1AA75C62006678F1 /* sound04.wav in Resources */ = {isa = PBXBuildFile; fileRef = A7A236831AA75C62006678F1 /* sound04.wav */; };
		A7A236AE1AA75C62006678F1 /* sound05.wav in Resources */ = {isa = PBXBuildFile; fileRef = A7A236841AA75C62006678F1 /* sound05.wav */; };
		A7A236AF1AA75C62006678F1 /* sound06.wav in Resources */ = {isa = PBXBuildFile; fileRef = A7A236851AA75C62006678F1 /* sound06.wav */; };
		A7A236B01AA75C62006678F1 /* sound11.wav in Resources */ = {isa = PBXBuildFile; fileRef = A7A236861AA75C62006678F1 /* sound11.wav */; };
		A7A236B11AA75C62006678F1 /* sound12.wav in Resources */ = {isa = PBXBuildFile; fileRef = A7A236871AA75C62006678F1 /* sound12.wav */; };
		A7A236B21AA75C62006678F1 /* sound13.wav in Resources */ = {isa = PBXBuildFile; fileRef = A7A236881AA75C62006678F1 /* sound13.wav */; };
		A7A236B31AA75C62006678F1 /* sound14.wav in Resources */ = {isa = PBXBuildFile; fileRef = A7A236891AA75C62006678F1 /* sound14.wav */; };
		A7A236B41AA75C62006678F1 /* sound15.wav in Resources */ = {isa = PBXBuildFile; fileRef = A7A2368A1AA75C62006678F1 /* sound15.wav */; };
		A7A236B51AA75C62006678F1 /* sound16.wav in Resources */ = {isa = PBXBuildFile; fileRef = A7A2368B1AA75C62006678F1 /* sound16.wav */; };
		A7A236B61AA75C62006678F1 /* sound21.wav in Resources */ = {isa = PBXBuildFile; fileRef = A7A2368C1AA75C62006678F1 /* sound21.wav */; };
		A7A236B71AA75C62006678F1 /* sound22.wav in Resources */ = {isa = PBXBuildFile; fileRef = A7A2368D1AA75C62006678F1 /* sound22.wav */; };
		A7A236B81AA75C62006678F1 /* sound23.wav in Resources */ = {isa = PBXBuildFile; fileRef = A7A2368E1AA75C62006678F1 /* sound23.wav */; };
		A7A236B91AA75C62006678F1 /* sound24.wav in Resources */ = {isa = PBXBuildFile; fileRef = A7A2368F1AA75C62006678F1 /* sound24.wav */; };
		A7A236BA1AA75C62006678F1 /* sound25.wav in Resources */ = {isa = PBXBuildFile; fileRef = A7A236901AA75C62006678F1 /* sound25.wav */; };
		A7A236BB1AA75C62006678F1 /* sound26.wav in Resources */ = {isa = PBXBuildFile; fileRef = A7A236911AA75C62006678F1 /* sound26.wav */; };
		A7A236BC1AA75C62006678F1 /* sound31.wav in Resources */ = {isa = PBXBuildFile; fileRef = A7A236921AA75C62006678F1 /* sound31.wav */; };
		A7A236BD1AA75C62006678F1 /* sound32.wav in Resources */ = {isa = PBXBuildFile; fileRef = A7A236931AA75C62006678F1 /* sound32.wav */; };
		A7A236BE1AA75C62006678F1 /* sound33.wav in Resources */ = {isa = PBXBuildFile; fileRef = A7A236941AA75C62006678F1 /* sound33.wav */; };
		A7A236BF1AA75C62006678F1 /* sound34.wav in Resources */ = {isa = PBXBuildFile; fileRef = A7A236951AA75C62006678F1 /* sound34.wav */; };
		A7A236C01AA75C62006678F1 /* sound35.wav in Resources */ = {isa = PBXBuildFile; fileRef = A7A236961AA75C62006678F1 /* sound35.wav */; };
		A7A236C11AA75C62006678F1 /* sound36.wav in Resources */ = {isa = PBXBuildFile; fileRef = A7A236971AA75C62006678F1 /* sound36.wav */; };
		A7A236C21AA75C62006678F1 /* sound41.wav in Resources */ = {isa = PBXBuildFile; fileRef = A7A236981AA75C62006678F1 /* sound41.wav */; };
		A7A236C31AA75C62006678F1 /* sound42.wav in Resources */ = {isa = PBXBuildFile; fileRef = A7A236991AA75C62006678F1 /* sound42.wav */; };
		A7A236C41AA75C62006678F1 /* sound43.wav in Resources */ = {isa = PBXBuildFile; fileRef = A7A2369A1AA75C62006678F1 /* sound43.wav */; };
		A7A236C51AA75C62006678F1 /* sound44.wav in Resources */ = {isa = PBXBuildFile; fileRef = A7A2369B1AA75C62006678F1 /* sound44.wav */; };
		A7A236C61AA75C62006678F1 /* sound45.wav in Resources */ = {isa = PBXBuildFile; fileRef = A7A2369C1AA75C62006678F1 /* sound45.wav */; };
		A7A236C71AA75C62006678F1 /* sound46.wav in Resources */ = {isa = PBXBuildFile; fileRef = A7A2369D1AA75C62006678F1 /* sound46.wav */; };
		A7A236C81AA75C62006678F1 /* sound51.wav in Resources */ = {isa = PBXBuildFile; fileRef = A7A2369E1AA75C62006678F1 /* sound51.wav */; };
		A7A236C91AA75C62006678F1 /* sound52.wav in Resources */ = {isa = PBXBuildFile; fileRef = A7A2369F1AA75C62006678F1 /* sound52.wav */; };
		A7A236CA1AA75C62006678F1 /* sound53.wav in Resources */ = {isa = PBXBuildFile; fileRef = A7A236A01AA75C62006678F1 /* sound53.wav */; };
		A7A236CB1AA75C62006678F1 /* sound54.wav in Resources */ = {isa = PBXBuildFile; fileRef = A7A236A11AA75C62006678F1 /* sound54.wav */; };
		A7A236CC1AA75C62006678F1 /* sound55.wav in Resources */ = {isa = PBXBuildFile; fileRef = A7A236A21AA75C62006678F1 /* sound55.wav */; };
		A7A236CD1AA75C62006678F1 /* sound56.wav in Resources */ = {isa = PBXBuildFile; fileRef = A7A236A31AA75C62006678F1 /* sound56.wav */; };
		A7A236CE1AA75C62006678F1 /* sound61.wav in Resources */ = {isa = PBXBuildFile; fileRef = A7A236A41AA75C62006678F1 /* sound61.wav */; };
		A7A236CF1AA75C62006678F1 /* sound62.wav in Resources */ = {isa = PBXBuildFile; fileRef = A7A236A51AA75C62006678F1 /* sound62.wav */; };
		A7A236D01AA75C62006678F1 /* sound63.wav in Resources */ = {isa = PBXBuildFile; fileRef = A7A236A61AA75C62006678F1 /* sound63.wav */; };
		A7A236D11AA75C62006678F1 /* sound64.wav in Resources */ = {isa = PBXBuildFile; fileRef = A7A236A71AA75C62006678F1 /* sound64.wav */; };
		A7A236D21AA75C62006678F1 /* sound65.wav in Resources */ = {isa = PBXBuildFile; fileRef = A7A236A81AA75C62006678F1 /* sound65.wav */; };
		A7A236D31AA75C62006678F1 /* sound66.wav in Resources */ = {isa = PBXBuildFile; fileRef = A7A236A91AA75C62006678F1 /* sound66.wav */; };
		A7BEAD431AAC75AB00E2657B /* PickerViewController.m in Sources */ = {isa = PBXBuildFile; fileRef = A7BEAD421AAC75AB00E2657B /* PickerViewController.m */; };
		A7D2F98E1AA3240300529626 /* GuitarViewController.m in Sources */ = {isa = PBXBuildFile; fileRef = A7D2F98D1AA3240300529626 /* GuitarViewController.m */; };
		A7D2F9A21AA3255200529626 /* head_close.png in Resources */ = {isa = PBXBuildFile; fileRef = A7D2F9901AA3255200529626 /* head_close.png */; };
		A7D2F9A31AA3255200529626 /* head_open.png in Resources */ = {isa = PBXBuildFile; fileRef = A7D2F9911AA3255200529626 /* head_open.png */; };
		A7D2F9A41AA3255200529626 /* lighting_head_close.png in Resources */ = {isa = PBXBuildFile; fileRef = A7D2F9921AA3255200529626 /* lighting_head_close.png */; };
		A7D2F9A51AA3255200529626 /* lighting_head_open.png in Resources */ = {isa = PBXBuildFile; fileRef = A7D2F9931AA3255200529626 /* lighting_head_open.png */; };
		A7D2F9A61AA3255200529626 /* normal_guitarstring.png in Resources */ = {isa = PBXBuildFile; fileRef = A7D2F9941AA3255200529626 /* normal_guitarstring.png */; };
		A7D2F9A71AA3255200529626 /* pressedstring1.png in Resources */ = {isa = PBXBuildFile; fileRef = A7D2F9951AA3255200529626 /* pressedstring1.png */; };
		A7D2F9A81AA3255200529626 /* pressedstring2.png in Resources */ = {isa = PBXBuildFile; fileRef = A7D2F9961AA3255200529626 /* pressedstring2.png */; };
		A7D2F9A91AA3255200529626 /* pressedstring3.png in Resources */ = {isa = PBXBuildFile; fileRef = A7D2F9971AA3255200529626 /* pressedstring3.png */; };
		A7D2F9AA1AA3255200529626 /* pressedstring4.png in Resources */ = {isa = PBXBuildFile; fileRef = A7D2F9981AA3255200529626 /* pressedstring4.png */; };
		A7D2F9AB1AA3255200529626 /* pressedstring5.png in Resources */ = {isa = PBXBuildFile; fileRef = A7D2F9991AA3255200529626 /* pressedstring5.png */; };
		A7D2F9AC1AA3255200529626 /* pressedstring6.png in Resources */ = {isa = PBXBuildFile; fileRef = A7D2F99A1AA3255200529626 /* pressedstring6.png */; };
		A7D2F9AD1AA3255200529626 /* pushed_guitarstring.png in Resources */ = {isa = PBXBuildFile; fileRef = A7D2F99B1AA3255200529626 /* pushed_guitarstring.png */; };
		A7D2F9BA1AA3279100529626 /* string1.png in Resources */ = {isa = PBXBuildFile; fileRef = A7D2F9B41AA3279100529626 /* string1.png */; };
		A7D2F9BB1AA3279100529626 /* string2.png in Resources */ = {isa = PBXBuildFile; fileRef = A7D2F9B51AA3279100529626 /* string2.png */; };
		A7D2F9BC1AA3279100529626 /* string3.png in Resources */ = {isa = PBXBuildFile; fileRef = A7D2F9B61AA3279100529626 /* string3.png */; };
		A7D2F9BD1AA3279100529626 /* string4.png in Resources */ = {isa = PBXBuildFile; fileRef = A7D2F9B71AA3279100529626 /* string4.png */; };
		A7D2F9BE1AA3279100529626 /* string5.png in Resources */ = {isa = PBXBuildFile; fileRef = A7D2F9B81AA3279100529626 /* string5.png */; };
		A7D2F9BF1AA3279100529626 /* string6.png in Resources */ = {isa = PBXBuildFile; fileRef = A7D2F9B91AA3279100529626 /* string6.png */; };
		A7D69DAA1AAACEED002B6990 /* CoreMotion.framework in Frameworks */ = {isa = PBXBuildFile; fileRef = A7D69DA91AAACEED002B6990 /* CoreMotion.framework */; };
		A7D69DAD1AAAE64F002B6990 /* StrokeViewController.m in Sources */ = {isa = PBXBuildFile; fileRef = A7D69DAC1AAAE64F002B6990 /* StrokeViewController.m */; };
		A7D69F391A9CC2FE00A2AB87 /* historyViewController.m in Sources */ = {isa = PBXBuildFile; fileRef = A7D69F381A9CC2FE00A2AB87 /* historyViewController.m */; };
		A7E9E3041AA73DBB00E75587 /* AVFoundation.framework in Frameworks */ = {isa = PBXBuildFile; fileRef = A7E9E3031AA73DBB00E75587 /* AVFoundation.framework */; };
		A7EA746B1A9B0291009B46AB /* main.m in Sources */ = {isa = PBXBuildFile; fileRef = A7EA746A1A9B0291009B46AB /* main.m */; };
		A7EA746E1A9B0291009B46AB /* AppDelegate.m in Sources */ = {isa = PBXBuildFile; fileRef = A7EA746D1A9B0291009B46AB /* AppDelegate.m */; };
		A7EA74711A9B0291009B46AB /* ViewController.m in Sources */ = {isa = PBXBuildFile; fileRef = A7EA74701A9B0291009B46AB /* ViewController.m */; };
		A7EA74741A9B0291009B46AB /* Main.storyboard in Resources */ = {isa = PBXBuildFile; fileRef = A7EA74721A9B0291009B46AB /* Main.storyboard */; };
		A7EA74761A9B0291009B46AB /* Images.xcassets in Resources */ = {isa = PBXBuildFile; fileRef = A7EA74751A9B0291009B46AB /* Images.xcassets */; };
		A7EA74791A9B0291009B46AB /* LaunchScreen.xib in Resources */ = {isa = PBXBuildFile; fileRef = A7EA74771A9B0291009B46AB /* LaunchScreen.xib */; };
		A7EA74851A9B0291009B46AB /* GuitarPotentialAppTests.m in Sources */ = {isa = PBXBuildFile; fileRef = A7EA74841A9B0291009B46AB /* GuitarPotentialAppTests.m */; };
		A7EB6F071AA5A9AC0069DF0B /* GuitarModeViewController.m in Sources */ = {isa = PBXBuildFile; fileRef = A7EB6F061AA5A9AC0069DF0B /* GuitarModeViewController.m */; };
		A7FA53DB1AAD79AC00F257D8 /* yen_5.png in Resources */ = {isa = PBXBuildFile; fileRef = A7FA53DA1AAD79AC00F257D8 /* yen_5.png */; };
		A7FACBDD1A9F0BAB00210638 /* AllSongsList.plist in Resources */ = {isa = PBXBuildFile; fileRef = A7FACBDC1A9F0BAB00210638 /* AllSongsList.plist */; };
/* End PBXBuildFile section */

/* Begin PBXContainerItemProxy section */
		A7EA747F1A9B0291009B46AB /* PBXContainerItemProxy */ = {
			isa = PBXContainerItemProxy;
			containerPortal = A7EA745D1A9B0291009B46AB /* Project object */;
			proxyType = 1;
			remoteGlobalIDString = A7EA74641A9B0291009B46AB;
			remoteInfo = GuitarPotentialApp;
		};
/* End PBXContainerItemProxy section */

/* Begin PBXFileReference section */
		A71918801A9B131000C5377E /* 涙のキッス.txt */ = {isa = PBXFileReference; fileEncoding = 2147486209; lastKnownFileType = text; path = "涙のキッス.txt"; sourceTree = "<group>"; usesTabs = 0; };
		A74F46C61AA307CB00ACE730 /* TSUNAMI.txt */ = {isa = PBXFileReference; fileEncoding = 2147486209; lastKnownFileType = text; path = TSUNAMI.txt; sourceTree = "<group>"; };
		A78537231A9B0BB2008DF74F /* detailViewController.h */ = {isa = PBXFileReference; fileEncoding = 4; lastKnownFileType = sourcecode.c.h; path = detailViewController.h; sourceTree = "<group>"; };
		A78537241A9B0BB2008DF74F /* detailViewController.m */ = {isa = PBXFileReference; fileEncoding = 4; lastKnownFileType = sourcecode.c.objc; path = detailViewController.m; sourceTree = "<group>"; };
		A7952C311A9F77140084DCE7 /* いとしのエリー.txt */ = {isa = PBXFileReference; fileEncoding = 2147486209; lastKnownFileType = text; path = "いとしのエリー.txt"; sourceTree = "<group>"; };
		A79F83231AA858EB004297D7 /* SEManager.h */ = {isa = PBXFileReference; fileEncoding = 4; lastKnownFileType = sourcecode.c.h; name = SEManager.h; path = "../../../../Downloads/SEManager-master/SESample/SEManager.h"; sourceTree = "<group>"; };
		A79F83241AA858EB004297D7 /* SEManager.m */ = {isa = PBXFileReference; fileEncoding = 4; lastKnownFileType = sourcecode.c.objc; name = SEManager.m; path = "../../../../Downloads/SEManager-master/SESample/SEManager.m"; sourceTree = "<group>"; };
		A7A236801AA75C62006678F1 /* sound01.wav */ = {isa = PBXFileReference; lastKnownFileType = audio.wav; path = sound01.wav; sourceTree = "<group>"; };
		A7A236811AA75C62006678F1 /* sound02.wav */ = {isa = PBXFileReference; lastKnownFileType = audio.wav; path = sound02.wav; sourceTree = "<group>"; };
		A7A236821AA75C62006678F1 /* sound03.wav */ = {isa = PBXFileReference; lastKnownFileType = audio.wav; path = sound03.wav; sourceTree = "<group>"; };
		A7A236831AA75C62006678F1 /* sound04.wav */ = {isa = PBXFileReference; lastKnownFileType = audio.wav; path = sound04.wav; sourceTree = "<group>"; };
		A7A236841AA75C62006678F1 /* sound05.wav */ = {isa = PBXFileReference; lastKnownFileType = audio.wav; path = sound05.wav; sourceTree = "<group>"; };
		A7A236851AA75C62006678F1 /* sound06.wav */ = {isa = PBXFileReference; lastKnownFileType = audio.wav; path = sound06.wav; sourceTree = "<group>"; };
		A7A236861AA75C62006678F1 /* sound11.wav */ = {isa = PBXFileReference; lastKnownFileType = audio.wav; path = sound11.wav; sourceTree = "<group>"; };
		A7A236871AA75C62006678F1 /* sound12.wav */ = {isa = PBXFileReference; lastKnownFileType = audio.wav; path = sound12.wav; sourceTree = "<group>"; };
		A7A236881AA75C62006678F1 /* sound13.wav */ = {isa = PBXFileReference; lastKnownFileType = audio.wav; path = sound13.wav; sourceTree = "<group>"; };
		A7A236891AA75C62006678F1 /* sound14.wav */ = {isa = PBXFileReference; lastKnownFileType = audio.wav; path = sound14.wav; sourceTree = "<group>"; };
		A7A2368A1AA75C62006678F1 /* sound15.wav */ = {isa = PBXFileReference; lastKnownFileType = audio.wav; path = sound15.wav; sourceTree = "<group>"; };
		A7A2368B1AA75C62006678F1 /* sound16.wav */ = {isa = PBXFileReference; lastKnownFileType = audio.wav; path = sound16.wav; sourceTree = "<group>"; };
		A7A2368C1AA75C62006678F1 /* sound21.wav */ = {isa = PBXFileReference; lastKnownFileType = audio.wav; path = sound21.wav; sourceTree = "<group>"; };
		A7A2368D1AA75C62006678F1 /* sound22.wav */ = {isa = PBXFileReference; lastKnownFileType = audio.wav; path = sound22.wav; sourceTree = "<group>"; };
		A7A2368E1AA75C62006678F1 /* sound23.wav */ = {isa = PBXFileReference; lastKnownFileType = audio.wav; path = sound23.wav; sourceTree = "<group>"; };
		A7A2368F1AA75C62006678F1 /* sound24.wav */ = {isa = PBXFileReference; lastKnownFileType = audio.wav; path = sound24.wav; sourceTree = "<group>"; };
		A7A236901AA75C62006678F1 /* sound25.wav */ = {isa = PBXFileReference; lastKnownFileType = audio.wav; path = sound25.wav; sourceTree = "<group>"; };
		A7A236911AA75C62006678F1 /* sound26.wav */ = {isa = PBXFileReference; lastKnownFileType = audio.wav; path = sound26.wav; sourceTree = "<group>"; };
		A7A236921AA75C62006678F1 /* sound31.wav */ = {isa = PBXFileReference; lastKnownFileType = audio.wav; path = sound31.wav; sourceTree = "<group>"; };
		A7A236931AA75C62006678F1 /* sound32.wav */ = {isa = PBXFileReference; lastKnownFileType = audio.wav; path = sound32.wav; sourceTree = "<group>"; };
		A7A236941AA75C62006678F1 /* sound33.wav */ = {isa = PBXFileReference; lastKnownFileType = audio.wav; path = sound33.wav; sourceTree = "<group>"; };
		A7A236951AA75C62006678F1 /* sound34.wav */ = {isa = PBXFileReference; lastKnownFileType = audio.wav; path = sound34.wav; sourceTree = "<group>"; };
		A7A236961AA75C62006678F1 /* sound35.wav */ = {isa = PBXFileReference; lastKnownFileType = audio.wav; path = sound35.wav; sourceTree = "<group>"; };
		A7A236971AA75C62006678F1 /* sound36.wav */ = {isa = PBXFileReference; lastKnownFileType = audio.wav; path = sound36.wav; sourceTree = "<group>"; };
		A7A236981AA75C62006678F1 /* sound41.wav */ = {isa = PBXFileReference; lastKnownFileType = audio.wav; path = sound41.wav; sourceTree = "<group>"; };
		A7A236991AA75C62006678F1 /* sound42.wav */ = {isa = PBXFileReference; lastKnownFileType = audio.wav; path = sound42.wav; sourceTree = "<group>"; };
		A7A2369A1AA75C62006678F1 /* sound43.wav */ = {isa = PBXFileReference; lastKnownFileType = audio.wav; path = sound43.wav; sourceTree = "<group>"; };
		A7A2369B1AA75C62006678F1 /* sound44.wav */ = {isa = PBXFileReference; lastKnownFileType = audio.wav; path = sound44.wav; sourceTree = "<group>"; };
		A7A2369C1AA75C62006678F1 /* sound45.wav */ = {isa = PBXFileReference; lastKnownFileType = audio.wav; path = sound45.wav; sourceTree = "<group>"; };
		A7A2369D1AA75C62006678F1 /* sound46.wav */ = {isa = PBXFileReference; lastKnownFileType = audio.wav; path = sound46.wav; sourceTree = "<group>"; };
		A7A2369E1AA75C62006678F1 /* sound51.wav */ = {isa = PBXFileReference; lastKnownFileType = audio.wav; path = sound51.wav; sourceTree = "<group>"; };
		A7A2369F1AA75C62006678F1 /* sound52.wav */ = {isa = PBXFileReference; lastKnownFileType = audio.wav; path = sound52.wav; sourceTree = "<group>"; };
		A7A236A01AA75C62006678F1 /* sound53.wav */ = {isa = PBXFileReference; lastKnownFileType = audio.wav; path = sound53.wav; sourceTree = "<group>"; };
		A7A236A11AA75C62006678F1 /* sound54.wav */ = {isa = PBXFileReference; lastKnownFileType = audio.wav; path = sound54.wav; sourceTree = "<group>"; };
		A7A236A21AA75C62006678F1 /* sound55.wav */ = {isa = PBXFileReference; lastKnownFileType = audio.wav; path = sound55.wav; sourceTree = "<group>"; };
		A7A236A31AA75C62006678F1 /* sound56.wav */ = {isa = PBXFileReference; lastKnownFileType = audio.wav; path = sound56.wav; sourceTree = "<group>"; };
		A7A236A41AA75C62006678F1 /* sound61.wav */ = {isa = PBXFileReference; lastKnownFileType = audio.wav; path = sound61.wav; sourceTree = "<group>"; };
		A7A236A51AA75C62006678F1 /* sound62.wav */ = {isa = PBXFileReference; lastKnownFileType = audio.wav; path = sound62.wav; sourceTree = "<group>"; };
		A7A236A61AA75C62006678F1 /* sound63.wav */ = {isa = PBXFileReference; lastKnownFileType = audio.wav; path = sound63.wav; sourceTree = "<group>"; };
		A7A236A71AA75C62006678F1 /* sound64.wav */ = {isa = PBXFileReference; lastKnownFileType = audio.wav; path = sound64.wav; sourceTree = "<group>"; };
		A7A236A81AA75C62006678F1 /* sound65.wav */ = {isa = PBXFileReference; lastKnownFileType = audio.wav; path = sound65.wav; sourceTree = "<group>"; };
		A7A236A91AA75C62006678F1 /* sound66.wav */ = {isa = PBXFileReference; lastKnownFileType = audio.wav; path = sound66.wav; sourceTree = "<group>"; };
		A7BEAD411AAC75AB00E2657B /* PickerViewController.h */ = {isa = PBXFileReference; fileEncoding = 4; lastKnownFileType = sourcecode.c.h; path = PickerViewController.h; sourceTree = "<group>"; };
		A7BEAD421AAC75AB00E2657B /* PickerViewController.m */ = {isa = PBXFileReference; fileEncoding = 4; lastKnownFileType = sourcecode.c.objc; path = PickerViewController.m; sourceTree = "<group>"; };
		A7D2F98C1AA3240300529626 /* GuitarViewController.h */ = {isa = PBXFileReference; fileEncoding = 4; lastKnownFileType = sourcecode.c.h; path = GuitarViewController.h; sourceTree = "<group>"; };
		A7D2F98D1AA3240300529626 /* GuitarViewController.m */ = {isa = PBXFileReference; fileEncoding = 4; lastKnownFileType = sourcecode.c.objc; path = GuitarViewController.m; sourceTree = "<group>"; };
		A7D2F9901AA3255200529626 /* head_close.png */ = {isa = PBXFileReference; lastKnownFileType = image.png; path = head_close.png; sourceTree = "<group>"; };
		A7D2F9911AA3255200529626 /* head_open.png */ = {isa = PBXFileReference; lastKnownFileType = image.png; path = head_open.png; sourceTree = "<group>"; };
		A7D2F9921AA3255200529626 /* lighting_head_close.png */ = {isa = PBXFileReference; lastKnownFileType = image.png; path = lighting_head_close.png; sourceTree = "<group>"; };
		A7D2F9931AA3255200529626 /* lighting_head_open.png */ = {isa = PBXFileReference; lastKnownFileType = image.png; path = lighting_head_open.png; sourceTree = "<group>"; };
		A7D2F9941AA3255200529626 /* normal_guitarstring.png */ = {isa = PBXFileReference; lastKnownFileType = image.png; path = normal_guitarstring.png; sourceTree = "<group>"; };
		A7D2F9951AA3255200529626 /* pressedstring1.png */ = {isa = PBXFileReference; lastKnownFileType = image.png; path = pressedstring1.png; sourceTree = "<group>"; };
		A7D2F9961AA3255200529626 /* pressedstring2.png */ = {isa = PBXFileReference; lastKnownFileType = image.png; path = pressedstring2.png; sourceTree = "<group>"; };
		A7D2F9971AA3255200529626 /* pressedstring3.png */ = {isa = PBXFileReference; lastKnownFileType = image.png; path = pressedstring3.png; sourceTree = "<group>"; };
		A7D2F9981AA3255200529626 /* pressedstring4.png */ = {isa = PBXFileReference; lastKnownFileType = image.png; path = pressedstring4.png; sourceTree = "<group>"; };
		A7D2F9991AA3255200529626 /* pressedstring5.png */ = {isa = PBXFileReference; lastKnownFileType = image.png; path = pressedstring5.png; sourceTree = "<group>"; };
		A7D2F99A1AA3255200529626 /* pressedstring6.png */ = {isa = PBXFileReference; lastKnownFileType = image.png; path = pressedstring6.png; sourceTree = "<group>"; };
		A7D2F99B1AA3255200529626 /* pushed_guitarstring.png */ = {isa = PBXFileReference; lastKnownFileType = image.png; path = pushed_guitarstring.png; sourceTree = "<group>"; };
		A7D2F9B41AA3279100529626 /* string1.png */ = {isa = PBXFileReference; lastKnownFileType = image.png; path = string1.png; sourceTree = "<group>"; };
		A7D2F9B51AA3279100529626 /* string2.png */ = {isa = PBXFileReference; lastKnownFileType = image.png; path = string2.png; sourceTree = "<group>"; };
		A7D2F9B61AA3279100529626 /* string3.png */ = {isa = PBXFileReference; lastKnownFileType = image.png; path = string3.png; sourceTree = "<group>"; };
		A7D2F9B71AA3279100529626 /* string4.png */ = {isa = PBXFileReference; lastKnownFileType = image.png; path = string4.png; sourceTree = "<group>"; };
		A7D2F9B81AA3279100529626 /* string5.png */ = {isa = PBXFileReference; lastKnownFileType = image.png; path = string5.png; sourceTree = "<group>"; };
		A7D2F9B91AA3279100529626 /* string6.png */ = {isa = PBXFileReference; lastKnownFileType = image.png; path = string6.png; sourceTree = "<group>"; };
		A7D69DA91AAACEED002B6990 /* CoreMotion.framework */ = {isa = PBXFileReference; lastKnownFileType = wrapper.framework; name = CoreMotion.framework; path = System/Library/Frameworks/CoreMotion.framework; sourceTree = SDKROOT; };
		A7D69DAB1AAAE64F002B6990 /* StrokeViewController.h */ = {isa = PBXFileReference; fileEncoding = 4; lastKnownFileType = sourcecode.c.h; path = StrokeViewController.h; sourceTree = "<group>"; };
		A7D69DAC1AAAE64F002B6990 /* StrokeViewController.m */ = {isa = PBXFileReference; fileEncoding = 4; lastKnownFileType = sourcecode.c.objc; path = StrokeViewController.m; sourceTree = "<group>"; };
		A7D69F371A9CC2FE00A2AB87 /* historyViewController.h */ = {isa = PBXFileReference; fileEncoding = 4; lastKnownFileType = sourcecode.c.h; path = historyViewController.h; sourceTree = "<group>"; };
		A7D69F381A9CC2FE00A2AB87 /* historyViewController.m */ = {isa = PBXFileReference; fileEncoding = 4; lastKnownFileType = sourcecode.c.objc; path = historyViewController.m; sourceTree = "<group>"; };
		A7E9E3031AA73DBB00E75587 /* AVFoundation.framework */ = {isa = PBXFileReference; lastKnownFileType = wrapper.framework; name = AVFoundation.framework; path = System/Library/Frameworks/AVFoundation.framework; sourceTree = SDKROOT; };
		A7EA74651A9B0291009B46AB /* GuitarPotentialApp.app */ = {isa = PBXFileReference; explicitFileType = wrapper.application; includeInIndex = 0; path = GuitarPotentialApp.app; sourceTree = BUILT_PRODUCTS_DIR; };
		A7EA74691A9B0291009B46AB /* Info.plist */ = {isa = PBXFileReference; lastKnownFileType = text.plist.xml; path = Info.plist; sourceTree = "<group>"; };
		A7EA746A1A9B0291009B46AB /* main.m */ = {isa = PBXFileReference; lastKnownFileType = sourcecode.c.objc; path = main.m; sourceTree = "<group>"; };
		A7EA746C1A9B0291009B46AB /* AppDelegate.h */ = {isa = PBXFileReference; lastKnownFileType = sourcecode.c.h; path = AppDelegate.h; sourceTree = "<group>"; };
		A7EA746D1A9B0291009B46AB /* AppDelegate.m */ = {isa = PBXFileReference; lastKnownFileType = sourcecode.c.objc; path = AppDelegate.m; sourceTree = "<group>"; };
		A7EA746F1A9B0291009B46AB /* ViewController.h */ = {isa = PBXFileReference; lastKnownFileType = sourcecode.c.h; path = ViewController.h; sourceTree = "<group>"; };
		A7EA74701A9B0291009B46AB /* ViewController.m */ = {isa = PBXFileReference; lastKnownFileType = sourcecode.c.objc; path = ViewController.m; sourceTree = "<group>"; };
		A7EA74731A9B0291009B46AB /* Base */ = {isa = PBXFileReference; lastKnownFileType = file.storyboard; name = Base; path = Base.lproj/Main.storyboard; sourceTree = "<group>"; };
		A7EA74751A9B0291009B46AB /* Images.xcassets */ = {isa = PBXFileReference; lastKnownFileType = folder.assetcatalog; path = Images.xcassets; sourceTree = "<group>"; };
		A7EA74781A9B0291009B46AB /* Base */ = {isa = PBXFileReference; lastKnownFileType = file.xib; name = Base; path = Base.lproj/LaunchScreen.xib; sourceTree = "<group>"; };
		A7EA747E1A9B0291009B46AB /* GuitarPotentialAppTests.xctest */ = {isa = PBXFileReference; explicitFileType = wrapper.cfbundle; includeInIndex = 0; path = GuitarPotentialAppTests.xctest; sourceTree = BUILT_PRODUCTS_DIR; };
		A7EA74831A9B0291009B46AB /* Info.plist */ = {isa = PBXFileReference; lastKnownFileType = text.plist.xml; path = Info.plist; sourceTree = "<group>"; };
		A7EA74841A9B0291009B46AB /* GuitarPotentialAppTests.m */ = {isa = PBXFileReference; lastKnownFileType = sourcecode.c.objc; path = GuitarPotentialAppTests.m; sourceTree = "<group>"; };
		A7EB6F051AA5A9AC0069DF0B /* GuitarModeViewController.h */ = {isa = PBXFileReference; fileEncoding = 4; lastKnownFileType = sourcecode.c.h; path = GuitarModeViewController.h; sourceTree = "<group>"; };
		A7EB6F061AA5A9AC0069DF0B /* GuitarModeViewController.m */ = {isa = PBXFileReference; fileEncoding = 4; lastKnownFileType = sourcecode.c.objc; path = GuitarModeViewController.m; sourceTree = "<group>"; };
		A7FA53DA1AAD79AC00F257D8 /* yen_5.png */ = {isa = PBXFileReference; lastKnownFileType = image.png; name = yen_5.png; path = "../../../画像/OtsuriApp-images/yen_5.png"; sourceTree = "<group>"; };
		A7FACBDC1A9F0BAB00210638 /* AllSongsList.plist */ = {isa = PBXFileReference; fileEncoding = 4; lastKnownFileType = text.plist.xml; path = AllSongsList.plist; sourceTree = "<group>"; };
/* End PBXFileReference section */

/* Begin PBXFrameworksBuildPhase section */
		A7EA74621A9B0291009B46AB /* Frameworks */ = {
			isa = PBXFrameworksBuildPhase;
			buildActionMask = 2147483647;
			files = (
				A7D69DAA1AAACEED002B6990 /* CoreMotion.framework in Frameworks */,
				A7E9E3041AA73DBB00E75587 /* AVFoundation.framework in Frameworks */,
			);
			runOnlyForDeploymentPostprocessing = 0;
		};
		A7EA747B1A9B0291009B46AB /* Frameworks */ = {
			isa = PBXFrameworksBuildPhase;
			buildActionMask = 2147483647;
			files = (
			);
			runOnlyForDeploymentPostprocessing = 0;
		};
/* End PBXFrameworksBuildPhase section */

/* Begin PBXGroup section */
		A7A2367F1AA75C62006678F1 /* raw */ = {
			isa = PBXGroup;
			children = (
				A7A236801AA75C62006678F1 /* sound01.wav */,
				A7A236811AA75C62006678F1 /* sound02.wav */,
				A7A236821AA75C62006678F1 /* sound03.wav */,
				A7A236831AA75C62006678F1 /* sound04.wav */,
				A7A236841AA75C62006678F1 /* sound05.wav */,
				A7A236851AA75C62006678F1 /* sound06.wav */,
				A7A236861AA75C62006678F1 /* sound11.wav */,
				A7A236871AA75C62006678F1 /* sound12.wav */,
				A7A236881AA75C62006678F1 /* sound13.wav */,
				A7A236891AA75C62006678F1 /* sound14.wav */,
				A7A2368A1AA75C62006678F1 /* sound15.wav */,
				A7A2368B1AA75C62006678F1 /* sound16.wav */,
				A7A2368C1AA75C62006678F1 /* sound21.wav */,
				A7A2368D1AA75C62006678F1 /* sound22.wav */,
				A7A2368E1AA75C62006678F1 /* sound23.wav */,
				A7A2368F1AA75C62006678F1 /* sound24.wav */,
				A7A236901AA75C62006678F1 /* sound25.wav */,
				A7A236911AA75C62006678F1 /* sound26.wav */,
				A7A236921AA75C62006678F1 /* sound31.wav */,
				A7A236931AA75C62006678F1 /* sound32.wav */,
				A7A236941AA75C62006678F1 /* sound33.wav */,
				A7A236951AA75C62006678F1 /* sound34.wav */,
				A7A236961AA75C62006678F1 /* sound35.wav */,
				A7A236971AA75C62006678F1 /* sound36.wav */,
				A7A236981AA75C62006678F1 /* sound41.wav */,
				A7A236991AA75C62006678F1 /* sound42.wav */,
				A7A2369A1AA75C62006678F1 /* sound43.wav */,
				A7A2369B1AA75C62006678F1 /* sound44.wav */,
				A7A2369C1AA75C62006678F1 /* sound45.wav */,
				A7A2369D1AA75C62006678F1 /* sound46.wav */,
				A7A2369E1AA75C62006678F1 /* sound51.wav */,
				A7A2369F1AA75C62006678F1 /* sound52.wav */,
				A7A236A01AA75C62006678F1 /* sound53.wav */,
				A7A236A11AA75C62006678F1 /* sound54.wav */,
				A7A236A21AA75C62006678F1 /* sound55.wav */,
				A7A236A31AA75C62006678F1 /* sound56.wav */,
				A7A236A41AA75C62006678F1 /* sound61.wav */,
				A7A236A51AA75C62006678F1 /* sound62.wav */,
				A7A236A61AA75C62006678F1 /* sound63.wav */,
				A7A236A71AA75C62006678F1 /* sound64.wav */,
				A7A236A81AA75C62006678F1 /* sound65.wav */,
				A7A236A91AA75C62006678F1 /* sound66.wav */,
			);
			name = raw;
			path = ../../../raw;
			sourceTree = "<group>";
		};
		A7D2F98F1AA3255200529626 /* GuitarCodeTrainer画像 */ = {
			isa = PBXGroup;
			children = (
				A7D2F9901AA3255200529626 /* head_close.png */,
				A7D2F9911AA3255200529626 /* head_open.png */,
				A7D2F9921AA3255200529626 /* lighting_head_close.png */,
				A7D2F9931AA3255200529626 /* lighting_head_open.png */,
				A7D2F9941AA3255200529626 /* normal_guitarstring.png */,
				A7D2F9951AA3255200529626 /* pressedstring1.png */,
				A7D2F9961AA3255200529626 /* pressedstring2.png */,
				A7D2F9971AA3255200529626 /* pressedstring3.png */,
				A7D2F9981AA3255200529626 /* pressedstring4.png */,
				A7D2F9991AA3255200529626 /* pressedstring5.png */,
				A7D2F99A1AA3255200529626 /* pressedstring6.png */,
				A7D2F99B1AA3255200529626 /* pushed_guitarstring.png */,
				A7D2F9B41AA3279100529626 /* string1.png */,
				A7D2F9B51AA3279100529626 /* string2.png */,
				A7D2F9B61AA3279100529626 /* string3.png */,
				A7D2F9B71AA3279100529626 /* string4.png */,
				A7D2F9B81AA3279100529626 /* string5.png */,
				A7D2F9B91AA3279100529626 /* string6.png */,
			);
			path = "GuitarCodeTrainer画像";
			sourceTree = "<group>";
		};
		A7EA745C1A9B0291009B46AB = {
			isa = PBXGroup;
			children = (
				A7D69DA91AAACEED002B6990 /* CoreMotion.framework */,
				A7E9E3031AA73DBB00E75587 /* AVFoundation.framework */,
				A7EA74671A9B0291009B46AB /* GuitarPotentialApp */,
				A7EA74811A9B0291009B46AB /* GuitarPotentialAppTests */,
				A7EA74661A9B0291009B46AB /* Products */,
			);
			sourceTree = "<group>";
		};
		A7EA74661A9B0291009B46AB /* Products */ = {
			isa = PBXGroup;
			children = (
				A7EA74651A9B0291009B46AB /* GuitarPotentialApp.app */,
				A7EA747E1A9B0291009B46AB /* GuitarPotentialAppTests.xctest */,
			);
			name = Products;
			sourceTree = "<group>";
		};
		A7EA74671A9B0291009B46AB /* GuitarPotentialApp */ = {
			isa = PBXGroup;
			children = (
				A7EA746C1A9B0291009B46AB /* AppDelegate.h */,
				A7EA746D1A9B0291009B46AB /* AppDelegate.m */,
				A7EA746F1A9B0291009B46AB /* ViewController.h */,
				A7EA74701A9B0291009B46AB /* ViewController.m */,
				A7D69F371A9CC2FE00A2AB87 /* historyViewController.h */,
				A7D69F381A9CC2FE00A2AB87 /* historyViewController.m */,
				A7FACBDC1A9F0BAB00210638 /* AllSongsList.plist */,
				A78537231A9B0BB2008DF74F /* detailViewController.h */,
				A78537241A9B0BB2008DF74F /* detailViewController.m */,
				A7D2F98C1AA3240300529626 /* GuitarViewController.h */,
				A7D2F98D1AA3240300529626 /* GuitarViewController.m */,
				A7EB6F051AA5A9AC0069DF0B /* GuitarModeViewController.h */,
				A7EB6F061AA5A9AC0069DF0B /* GuitarModeViewController.m */,
				A7D69DAB1AAAE64F002B6990 /* StrokeViewController.h */,
				A7D69DAC1AAAE64F002B6990 /* StrokeViewController.m */,
				A7BEAD411AAC75AB00E2657B /* PickerViewController.h */,
				A7BEAD421AAC75AB00E2657B /* PickerViewController.m */,
				A7EA74721A9B0291009B46AB /* Main.storyboard */,
				A79F83231AA858EB004297D7 /* SEManager.h */,
				A79F83241AA858EB004297D7 /* SEManager.m */,
				A7EA74751A9B0291009B46AB /* Images.xcassets */,
				A7EA74771A9B0291009B46AB /* LaunchScreen.xib */,
				A7EA74681A9B0291009B46AB /* Supporting Files */,
			);
			path = GuitarPotentialApp;
			sourceTree = "<group>";
		};
		A7EA74681A9B0291009B46AB /* Supporting Files */ = {
			isa = PBXGroup;
			children = (
				A7FA53DA1AAD79AC00F257D8 /* yen_5.png */,
				A7A2367F1AA75C62006678F1 /* raw */,
				A7D2F98F1AA3255200529626 /* GuitarCodeTrainer画像 */,
				A74F46C61AA307CB00ACE730 /* TSUNAMI.txt */,
				A7952C311A9F77140084DCE7 /* いとしのエリー.txt */,
				A71918801A9B131000C5377E /* 涙のキッス.txt */,
				A7EA74691A9B0291009B46AB /* Info.plist */,
				A7EA746A1A9B0291009B46AB /* main.m */,
			);
			name = "Supporting Files";
			sourceTree = "<group>";
		};
		A7EA74811A9B0291009B46AB /* GuitarPotentialAppTests */ = {
			isa = PBXGroup;
			children = (
				A7EA74841A9B0291009B46AB /* GuitarPotentialAppTests.m */,
				A7EA74821A9B0291009B46AB /* Supporting Files */,
			);
			path = GuitarPotentialAppTests;
			sourceTree = "<group>";
		};
		A7EA74821A9B0291009B46AB /* Supporting Files */ = {
			isa = PBXGroup;
			children = (
				A7EA74831A9B0291009B46AB /* Info.plist */,
			);
			name = "Supporting Files";
			sourceTree = "<group>";
		};
/* End PBXGroup section */

/* Begin PBXNativeTarget section */
		A7EA74641A9B0291009B46AB /* GuitarPotentialApp */ = {
			isa = PBXNativeTarget;
			buildConfigurationList = A7EA74881A9B0291009B46AB /* Build configuration list for PBXNativeTarget "GuitarPotentialApp" */;
			buildPhases = (
				A7EA74611A9B0291009B46AB /* Sources */,
				A7EA74621A9B0291009B46AB /* Frameworks */,
				A7EA74631A9B0291009B46AB /* Resources */,
			);
			buildRules = (
			);
			dependencies = (
			);
			name = GuitarPotentialApp;
			productName = GuitarPotentialApp;
			productReference = A7EA74651A9B0291009B46AB /* GuitarPotentialApp.app */;
			productType = "com.apple.product-type.application";
		};
		A7EA747D1A9B0291009B46AB /* GuitarPotentialAppTests */ = {
			isa = PBXNativeTarget;
			buildConfigurationList = A7EA748B1A9B0291009B46AB /* Build configuration list for PBXNativeTarget "GuitarPotentialAppTests" */;
			buildPhases = (
				A7EA747A1A9B0291009B46AB /* Sources */,
				A7EA747B1A9B0291009B46AB /* Frameworks */,
				A7EA747C1A9B0291009B46AB /* Resources */,
			);
			buildRules = (
			);
			dependencies = (
				A7EA74801A9B0291009B46AB /* PBXTargetDependency */,
			);
			name = GuitarPotentialAppTests;
			productName = GuitarPotentialAppTests;
			productReference = A7EA747E1A9B0291009B46AB /* GuitarPotentialAppTests.xctest */;
			productType = "com.apple.product-type.bundle.unit-test";
		};
/* End PBXNativeTarget section */

/* Begin PBXProject section */
		A7EA745D1A9B0291009B46AB /* Project object */ = {
			isa = PBXProject;
			attributes = {
				LastUpgradeCheck = 0610;
				ORGANIZATIONNAME = oka.shinichiro;
				TargetAttributes = {
					A7EA74641A9B0291009B46AB = {
						CreatedOnToolsVersion = 6.1.1;
					};
					A7EA747D1A9B0291009B46AB = {
						CreatedOnToolsVersion = 6.1.1;
						TestTargetID = A7EA74641A9B0291009B46AB;
					};
				};
			};
			buildConfigurationList = A7EA74601A9B0291009B46AB /* Build configuration list for PBXProject "GuitarPotentialApp" */;
			compatibilityVersion = "Xcode 3.2";
			developmentRegion = English;
			hasScannedForEncodings = 0;
			knownRegions = (
				en,
				Base,
			);
			mainGroup = A7EA745C1A9B0291009B46AB;
			productRefGroup = A7EA74661A9B0291009B46AB /* Products */;
			projectDirPath = "";
			projectRoot = "";
			targets = (
				A7EA74641A9B0291009B46AB /* GuitarPotentialApp */,
				A7EA747D1A9B0291009B46AB /* GuitarPotentialAppTests */,
			);
		};
/* End PBXProject section */

/* Begin PBXResourcesBuildPhase section */
		A7EA74631A9B0291009B46AB /* Resources */ = {
			isa = PBXResourcesBuildPhase;
			buildActionMask = 2147483647;
			files = (
				A7D2F9A41AA3255200529626 /* lighting_head_close.png in Resources */,
				A7A236AA1AA75C62006678F1 /* sound01.wav in Resources */,
				A7A236B11AA75C62006678F1 /* sound12.wav in Resources */,
				A7D2F9A31AA3255200529626 /* head_open.png in Resources */,
				A7D2F9BE1AA3279100529626 /* string5.png in Resources */,
				A7A236CF1AA75C62006678F1 /* sound62.wav in Resources */,
				A7D2F9A51AA3255200529626 /* lighting_head_open.png in Resources */,
				A7D2F9A21AA3255200529626 /* head_close.png in Resources */,
				A7D2F9AC1AA3255200529626 /* pressedstring6.png in Resources */,
				A7A236C01AA75C62006678F1 /* sound35.wav in Resources */,
				A7A236BE1AA75C62006678F1 /* sound33.wav in Resources */,
				A7A236D21AA75C62006678F1 /* sound65.wav in Resources */,
				A7EA74741A9B0291009B46AB /* Main.storyboard in Resources */,
				A7D2F9BA1AA3279100529626 /* string1.png in Resources */,
				A7D2F9BD1AA3279100529626 /* string4.png in Resources */,
				A7A236B71AA75C62006678F1 /* sound22.wav in Resources */,
				A7A236CC1AA75C62006678F1 /* sound55.wav in Resources */,
				A7D2F9A61AA3255200529626 /* normal_guitarstring.png in Resources */,
				A7A236AD1AA75C62006678F1 /* sound04.wav in Resources */,
				A7A236D11AA75C62006678F1 /* sound64.wav in Resources */,
				A7A236B31AA75C62006678F1 /* sound14.wav in Resources */,
				A7A236C61AA75C62006678F1 /* sound45.wav in Resources */,
				A7A236C31AA75C62006678F1 /* sound42.wav in Resources */,
				A7D2F9AA1AA3255200529626 /* pressedstring4.png in Resources */,
				A7A236BB1AA75C62006678F1 /* sound26.wav in Resources */,
				A7A236B91AA75C62006678F1 /* sound24.wav in Resources */,
				A7A236C81AA75C62006678F1 /* sound51.wav in Resources */,
				A7A236D01AA75C62006678F1 /* sound63.wav in Resources */,
				A7A236BA1AA75C62006678F1 /* sound25.wav in Resources */,
				A7D2F9BF1AA3279100529626 /* string6.png in Resources */,
				A7D2F9A81AA3255200529626 /* pressedstring2.png in Resources */,
				A7A236C71AA75C62006678F1 /* sound46.wav in Resources */,
				A7A236AF1AA75C62006678F1 /* sound06.wav in Resources */,
				A7D2F9AB1AA3255200529626 /* pressedstring5.png in Resources */,
				A7A236C21AA75C62006678F1 /* sound41.wav in Resources */,
				A7A236D31AA75C62006678F1 /* sound66.wav in Resources */,
				A7D2F9A91AA3255200529626 /* pressedstring3.png in Resources */,
				A7A236B01AA75C62006678F1 /* sound11.wav in Resources */,
				A7EA74791A9B0291009B46AB /* LaunchScreen.xib in Resources */,
				A7A236C11AA75C62006678F1 /* sound36.wav in Resources */,
				A7A236CA1AA75C62006678F1 /* sound53.wav in Resources */,
				A71918811A9B131000C5377E /* 涙のキッス.txt in Resources */,
				A7EA74761A9B0291009B46AB /* Images.xcassets in Resources */,
				A7FACBDD1A9F0BAB00210638 /* AllSongsList.plist in Resources */,
				A7D2F9AD1AA3255200529626 /* pushed_guitarstring.png in Resources */,
				A7A236B41AA75C62006678F1 /* sound15.wav in Resources */,
				A7A236CE1AA75C62006678F1 /* sound61.wav in Resources */,
				A7A236B51AA75C62006678F1 /* sound16.wav in Resources */,
				A7FA53DB1AAD79AC00F257D8 /* yen_5.png in Resources */,
				A7A236BC1AA75C62006678F1 /* sound31.wav in Resources */,
				A7D2F9BB1AA3279100529626 /* string2.png in Resources */,
				A7A236CB1AA75C62006678F1 /* sound54.wav in Resources */,
				A7A236CD1AA75C62006678F1 /* sound56.wav in Resources */,
				A7D2F9BC1AA3279100529626 /* string3.png in Resources */,
				A7A236AC1AA75C62006678F1 /* sound03.wav in Resources */,
				A7A236B21AA75C62006678F1 /* sound13.wav in Resources */,
				A7A236AB1AA75C62006678F1 /* sound02.wav in Resources */,
				A74F46C71AA307CB00ACE730 /* TSUNAMI.txt in Resources */,
				A7A236C91AA75C62006678F1 /* sound52.wav in Resources */,
				A7A236BF1AA75C62006678F1 /* sound34.wav in Resources */,
				A7D2F9A71AA3255200529626 /* pressedstring1.png in Resources */,
				A7A236B61AA75C62006678F1 /* sound21.wav in Resources */,
				A7A236C41AA75C62006678F1 /* sound43.wav in Resources */,
				A7A236BD1AA75C62006678F1 /* sound32.wav in Resources */,
				A7A236B81AA75C62006678F1 /* sound23.wav in Resources */,
				A7A236C51AA75C62006678F1 /* sound44.wav in Resources */,
				A7952C321A9F77140084DCE7 /* いとしのエリー.txt in Resources */,
				A7A236AE1AA75C62006678F1 /* sound05.wav in Resources */,
			);
			runOnlyForDeploymentPostprocessing = 0;
		};
		A7EA747C1A9B0291009B46AB /* Resources */ = {
			isa = PBXResourcesBuildPhase;
			buildActionMask = 2147483647;
			files = (
			);
			runOnlyForDeploymentPostprocessing = 0;
		};
/* End PBXResourcesBuildPhase section */

/* Begin PBXSourcesBuildPhase section */
		A7EA74611A9B0291009B46AB /* Sources */ = {
			isa = PBXSourcesBuildPhase;
			buildActionMask = 2147483647;
			files = (
				A7D69DAD1AAAE64F002B6990 /* StrokeViewController.m in Sources */,
				A7EA74711A9B0291009B46AB /* ViewController.m in Sources */,
				A7BEAD431AAC75AB00E2657B /* PickerViewController.m in Sources */,
				A79F83251AA858EB004297D7 /* SEManager.m in Sources */,
				A7D69F391A9CC2FE00A2AB87 /* historyViewController.m in Sources */,
				A7EB6F071AA5A9AC0069DF0B /* GuitarModeViewController.m in Sources */,
				A7D2F98E1AA3240300529626 /* GuitarViewController.m in Sources */,
				A7EA746E1A9B0291009B46AB /* AppDelegate.m in Sources */,
				A7EA746B1A9B0291009B46AB /* main.m in Sources */,
				A78537251A9B0BB2008DF74F /* detailViewController.m in Sources */,
			);
			runOnlyForDeploymentPostprocessing = 0;
		};
		A7EA747A1A9B0291009B46AB /* Sources */ = {
			isa = PBXSourcesBuildPhase;
			buildActionMask = 2147483647;
			files = (
				A7EA74851A9B0291009B46AB /* GuitarPotentialAppTests.m in Sources */,
			);
			runOnlyForDeploymentPostprocessing = 0;
		};
/* End PBXSourcesBuildPhase section */

/* Begin PBXTargetDependency section */
		A7EA74801A9B0291009B46AB /* PBXTargetDependency */ = {
			isa = PBXTargetDependency;
			target = A7EA74641A9B0291009B46AB /* GuitarPotentialApp */;
			targetProxy = A7EA747F1A9B0291009B46AB /* PBXContainerItemProxy */;
		};
/* End PBXTargetDependency section */

/* Begin PBXVariantGroup section */
		A7EA74721A9B0291009B46AB /* Main.storyboard */ = {
			isa = PBXVariantGroup;
			children = (
				A7EA74731A9B0291009B46AB /* Base */,
			);
			name = Main.storyboard;
			sourceTree = "<group>";
		};
		A7EA74771A9B0291009B46AB /* LaunchScreen.xib */ = {
			isa = PBXVariantGroup;
			children = (
				A7EA74781A9B0291009B46AB /* Base */,
			);
			name = LaunchScreen.xib;
			sourceTree = "<group>";
		};
/* End PBXVariantGroup section */

/* Begin XCBuildConfiguration section */
		A7EA74861A9B0291009B46AB /* Debug */ = {
			isa = XCBuildConfiguration;
			buildSettings = {
				ALWAYS_SEARCH_USER_PATHS = NO;
				CLANG_CXX_LANGUAGE_STANDARD = "gnu++0x";
				CLANG_CXX_LIBRARY = "libc++";
				CLANG_ENABLE_MODULES = YES;
				CLANG_ENABLE_OBJC_ARC = YES;
				CLANG_WARN_BOOL_CONVERSION = YES;
				CLANG_WARN_CONSTANT_CONVERSION = YES;
				CLANG_WARN_DIRECT_OBJC_ISA_USAGE = YES_ERROR;
				CLANG_WARN_EMPTY_BODY = YES;
				CLANG_WARN_ENUM_CONVERSION = YES;
				CLANG_WARN_INT_CONVERSION = YES;
				CLANG_WARN_OBJC_ROOT_CLASS = YES_ERROR;
				CLANG_WARN_UNREACHABLE_CODE = YES;
				CLANG_WARN__DUPLICATE_METHOD_MATCH = YES;
				"CODE_SIGN_IDENTITY[sdk=iphoneos*]" = "iPhone Developer";
				COPY_PHASE_STRIP = NO;
				ENABLE_STRICT_OBJC_MSGSEND = YES;
				GCC_C_LANGUAGE_STANDARD = gnu99;
				GCC_DYNAMIC_NO_PIC = NO;
				GCC_OPTIMIZATION_LEVEL = 0;
				GCC_PREPROCESSOR_DEFINITIONS = (
					"DEBUG=1",
					"$(inherited)",
				);
				GCC_SYMBOLS_PRIVATE_EXTERN = NO;
				GCC_WARN_64_TO_32_BIT_CONVERSION = YES;
				GCC_WARN_ABOUT_RETURN_TYPE = YES_ERROR;
				GCC_WARN_UNDECLARED_SELECTOR = YES;
				GCC_WARN_UNINITIALIZED_AUTOS = YES_AGGRESSIVE;
				GCC_WARN_UNUSED_FUNCTION = YES;
				GCC_WARN_UNUSED_VARIABLE = YES;
				IPHONEOS_DEPLOYMENT_TARGET = 8.1;
				MTL_ENABLE_DEBUG_INFO = YES;
				ONLY_ACTIVE_ARCH = YES;
				SDKROOT = iphoneos;
			};
			name = Debug;
		};
		A7EA74871A9B0291009B46AB /* Release */ = {
			isa = XCBuildConfiguration;
			buildSettings = {
				ALWAYS_SEARCH_USER_PATHS = NO;
				CLANG_CXX_LANGUAGE_STANDARD = "gnu++0x";
				CLANG_CXX_LIBRARY = "libc++";
				CLANG_ENABLE_MODULES = YES;
				CLANG_ENABLE_OBJC_ARC = YES;
				CLANG_WARN_BOOL_CONVERSION = YES;
				CLANG_WARN_CONSTANT_CONVERSION = YES;
				CLANG_WARN_DIRECT_OBJC_ISA_USAGE = YES_ERROR;
				CLANG_WARN_EMPTY_BODY = YES;
				CLANG_WARN_ENUM_CONVERSION = YES;
				CLANG_WARN_INT_CONVERSION = YES;
				CLANG_WARN_OBJC_ROOT_CLASS = YES_ERROR;
				CLANG_WARN_UNREACHABLE_CODE = YES;
				CLANG_WARN__DUPLICATE_METHOD_MATCH = YES;
				"CODE_SIGN_IDENTITY[sdk=iphoneos*]" = "iPhone Developer";
				COPY_PHASE_STRIP = YES;
				ENABLE_NS_ASSERTIONS = NO;
				ENABLE_STRICT_OBJC_MSGSEND = YES;
				GCC_C_LANGUAGE_STANDARD = gnu99;
				GCC_WARN_64_TO_32_BIT_CONVERSION = YES;
				GCC_WARN_ABOUT_RETURN_TYPE = YES_ERROR;
				GCC_WARN_UNDECLARED_SELECTOR = YES;
				GCC_WARN_UNINITIALIZED_AUTOS = YES_AGGRESSIVE;
				GCC_WARN_UNUSED_FUNCTION = YES;
				GCC_WARN_UNUSED_VARIABLE = YES;
				IPHONEOS_DEPLOYMENT_TARGET = 8.1;
				MTL_ENABLE_DEBUG_INFO = NO;
				SDKROOT = iphoneos;
				VALIDATE_PRODUCT = YES;
			};
			name = Release;
		};
		A7EA74891A9B0291009B46AB /* Debug */ = {
			isa = XCBuildConfiguration;
			buildSettings = {
				ASSETCATALOG_COMPILER_APPICON_NAME = AppIcon;
				CODE_SIGN_IDENTITY = "iPhone Developer: Shinichiro Oka (A9TG2Z8NN8)";
				GCC_WARN_UNDECLARED_SELECTOR = NO;
				INFOPLIST_FILE = GuitarPotentialApp/Info.plist;
				LD_RUNPATH_SEARCH_PATHS = "$(inherited) @executable_path/Frameworks";
				PRODUCT_NAME = "$(TARGET_NAME)";
				PROVISIONING_PROFILE = "45aaec02-c7b2-4fc1-8d29-58101d554b84";
			};
			name = Debug;
		};
		A7EA748A1A9B0291009B46AB /* Release */ = {
			isa = XCBuildConfiguration;
			buildSettings = {
				ASSETCATALOG_COMPILER_APPICON_NAME = AppIcon;
				CODE_SIGN_IDENTITY = "iPhone Developer: Shinichiro Oka (A9TG2Z8NN8)";
				GCC_WARN_UNDECLARED_SELECTOR = NO;
				INFOPLIST_FILE = GuitarPotentialApp/Info.plist;
				LD_RUNPATH_SEARCH_PATHS = "$(inherited) @executable_path/Frameworks";
				PRODUCT_NAME = "$(TARGET_NAME)";
				PROVISIONING_PROFILE = "45aaec02-c7b2-4fc1-8d29-58101d554b84";
			};
			name = Release;
		};
		A7EA748C1A9B0291009B46AB /* Debug */ = {
			isa = XCBuildConfiguration;
			buildSettings = {
				BUNDLE_LOADER = "$(TEST_HOST)";
				FRAMEWORK_SEARCH_PATHS = (
					"$(SDKROOT)/Developer/Library/Frameworks",
					"$(inherited)",
				);
				GCC_PREPROCESSOR_DEFINITIONS = (
					"DEBUG=1",
					"$(inherited)",
				);
				INFOPLIST_FILE = GuitarPotentialAppTests/Info.plist;
				LD_RUNPATH_SEARCH_PATHS = "$(inherited) @executable_path/Frameworks @loader_path/Frameworks";
				PRODUCT_NAME = "$(TARGET_NAME)";
				TEST_HOST = "$(BUILT_PRODUCTS_DIR)/GuitarPotentialApp.app/GuitarPotentialApp";
			};
			name = Debug;
		};
		A7EA748D1A9B0291009B46AB /* Release */ = {
			isa = XCBuildConfiguration;
			buildSettings = {
				BUNDLE_LOADER = "$(TEST_HOST)";
				FRAMEWORK_SEARCH_PATHS = (
					"$(SDKROOT)/Developer/Library/Frameworks",
					"$(inherited)",
				);
				INFOPLIST_FILE = GuitarPotentialAppTests/Info.plist;
				LD_RUNPATH_SEARCH_PATHS = "$(inherited) @executable_path/Frameworks @loader_path/Frameworks";
				PRODUCT_NAME = "$(TARGET_NAME)";
				TEST_HOST = "$(BUILT_PRODUCTS_DIR)/GuitarPotentialApp.app/GuitarPotentialApp";
			};
			name = Release;
		};
/* End XCBuildConfiguration section */

/* Begin XCConfigurationList section */
		A7EA74601A9B0291009B46AB /* Build configuration list for PBXProject "GuitarPotentialApp" */ = {
			isa = XCConfigurationList;
			buildConfigurations = (
				A7EA74861A9B0291009B46AB /* Debug */,
				A7EA74871A9B0291009B46AB /* Release */,
			);
			defaultConfigurationIsVisible = 0;
			defaultConfigurationName = Release;
		};
		A7EA74881A9B0291009B46AB /* Build configuration list for PBXNativeTarget "GuitarPotentialApp" */ = {
			isa = XCConfigurationList;
			buildConfigurations = (
				A7EA74891A9B0291009B46AB /* Debug */,
				A7EA748A1A9B0291009B46AB /* Release */,
			);
			defaultConfigurationIsVisible = 0;
			defaultConfigurationName = Release;
		};
		A7EA748B1A9B0291009B46AB /* Build configuration list for PBXNativeTarget "GuitarPotentialAppTests" */ = {
			isa = XCConfigurationList;
			buildConfigurations = (
				A7EA748C1A9B0291009B46AB /* Debug */,
				A7EA748D1A9B0291009B46AB /* Release */,
			);
			defaultConfigurationIsVisible = 0;
			defaultConfigurationName = Release;
		};
/* End XCConfigurationList section */
	};
	rootObject = A7EA745D1A9B0291009B46AB /* Project object */;
}
